PODS:
  - Alamofire (4.9.0)
  - CircleProgressView (1.2.0)
  - FacebookCore (0.9.0):
    - FBSDKCoreKit (~> 5.0)
  - FacebookLogin (0.9.0):
    - FacebookCore (~> 0.9.0)
    - FBSDKCoreKit (~> 5.0)
    - FBSDKLoginKit (~> 5.0)
  - FacebookShare (0.9.0):
    - FacebookCore (~> 0.9.0)
    - FBSDKCoreKit (~> 5.0)
    - FBSDKShareKit (~> 5.0)
  - FBSDKCoreKit (5.6.0):
    - FBSDKCoreKit/Basics (= 5.6.0)
    - FBSDKCoreKit/Core (= 5.6.0)
  - FBSDKCoreKit/Basics (5.6.0)
  - FBSDKCoreKit/Core (5.6.0):
    - FBSDKCoreKit/Basics
  - FBSDKLoginKit (5.6.0):
    - FBSDKLoginKit/Login (= 5.6.0)
  - FBSDKLoginKit/Login (5.6.0):
    - FBSDKCoreKit (~> 5.0)
  - FBSDKShareKit (5.6.0):
    - FBSDKShareKit/Share (= 5.6.0)
  - FBSDKShareKit/Share (5.6.0):
    - FBSDKCoreKit (~> 5.0)
  - libwebp (1.0.3):
    - libwebp/demux (= 1.0.3)
    - libwebp/mux (= 1.0.3)
    - libwebp/webp (= 1.0.3)
  - libwebp/demux (1.0.3):
    - libwebp/webp
  - libwebp/mux (1.0.3):
    - libwebp/demux
  - libwebp/webp (1.0.3)
  - LinearProgressView (2.0.1)
  - Moya/Core (13.0.1):
    - Alamofire (~> 4.1)
    - Result (~> 4.1)
  - Moya/RxSwift (13.0.1):
    - Moya/Core
    - RxSwift (~> 4.0)
  - ObjectMapper (3.5.1)
  - PieCharts (0.0.7)
  - Result (4.1.0)
  - RxSwift (4.5.0)
  - SDWebImage/Core (4.4.7)
  - SDWebImage/WebP (4.4.7):
    - libwebp (< 2.0, >= 0.5)
    - SDWebImage/Core
  - SkeletonView (1.8.2)
  - SwiftyJSON (4.3.0)

DEPENDENCIES:
  - CircleProgressView (from `https://github.com/CardinalNow/iOS-CircleProgressView.git`)
  - FacebookCore
  - FacebookLogin
  - FacebookShare
  - LinearProgressView (~> 2.0)
  - Moya/RxSwift (~> 13.0)
  - ObjectMapper
  - PieCharts
  - SDWebImage/WebP
  - SkeletonView
  - SwiftyJSON (~> 4.0)

SPEC REPOS:
  trunk:
    - Alamofire
    - FacebookCore
    - FacebookLogin
    - FacebookShare
    - FBSDKCoreKit
    - FBSDKLoginKit
    - FBSDKShareKit
    - libwebp
    - LinearProgressView
    - Moya
    - ObjectMapper
    - PieCharts
    - Result
    - RxSwift
    - SDWebImage
    - SkeletonView
    - SwiftyJSON

EXTERNAL SOURCES:
  CircleProgressView:
    :git: https://github.com/CardinalNow/iOS-CircleProgressView.git

CHECKOUT OPTIONS:
  CircleProgressView:
    :commit: 29ee37232958f0dd7615486c4feed17b05cff34b
    :git: https://github.com/CardinalNow/iOS-CircleProgressView.git

SPEC CHECKSUMS:
  Alamofire: afc3e7c6db61476cb45cdd23fed06bad03bbc321
  CircleProgressView: 4ef8492b0d12e42948d9f2b78a1482d9464367d5
  FacebookCore: ba86524b66cfa86d0f8e65d08faa8504a9f732dd
  FacebookLogin: 6cee9fd6e1fe976fe8f7eec199e27b28b14f5d63
  FacebookShare: 85968ad1b1606c4944fb154924e425fd29184ea5
  FBSDKCoreKit: d6655a343868d4bb5c29a60859bab07c3be14a0b
  FBSDKLoginKit: c5a623de88a6b0cda35b35582921f6cec2efcc36
  FBSDKShareKit: 0d8c4cfd5c1f185d5f9c26d79758b141086e1251
  libwebp: 057912d6d0abfb6357d8bb05c0ea470301f5d61e
  LinearProgressView: 353d4d45dc599b83cc4b43f14e6c0336aa6f3834
  Moya: f4a4b80ff2f8a4ffc208dfb31cd91636622fee6e
  ObjectMapper: 70187b8941977c62ccfb423caf6b50be405cabf0
  PieCharts: 30e50dfa7dc19e5b84e9878d32089673ef5d0453
  Result: bd966fac789cc6c1563440b348ab2598cc24d5c7
  RxSwift: f172070dfd1a93d70a9ab97a5a01166206e1c575
  SDWebImage: c10d14a8883ebd89664f02a422006f66a85c0c5d
  SkeletonView: bb27c39857e5492136f02ee8a3aa78de55d12ecd
  SwiftyJSON: 6faa0040f8b59dead0ee07436cbf76b73c08fd08

PODFILE CHECKSUM: d07df533e19c5c0817c1eab8b40c29a2a61aa880

COCOAPODS: 1.8.4
