// !$*UTF8*$!
{
	archiveVersion = 1;
	classes = {
	};
	objectVersion = 51;
	objects = {

/* Begin PBXBuildFile section */
		482BBBA7C0B8A7AFA955ADC5 /* Pods_ICLEdu.framework in Frameworks */ = {isa = PBXBuildFile; fileRef = 5335EDD87122537728C72CCE /* Pods_ICLEdu.framework */; };
		6C0DF43B2334D1980056A094 /* VocabularyController.storyboard in Resources */ = {isa = PBXBuildFile; fileRef = 6C0DF43A2334D1980056A094 /* VocabularyController.storyboard */; };
		6C0DF43D2334D9E40056A094 /* VocabularyViewController.swift in Sources */ = {isa = PBXBuildFile; fileRef = 6C0DF43C2334D9E40056A094 /* VocabularyViewController.swift */; };
		6C0DF4462334DAE50056A094 /* ProfileViewController.swift in Sources */ = {isa = PBXBuildFile; fileRef = 6C0DF4452334DAE50056A094 /* ProfileViewController.swift */; };
		6C0DF4482334DAFF0056A094 /* LessonViewController.swift in Sources */ = {isa = PBXBuildFile; fileRef = 6C0DF4472334DAFF0056A094 /* LessonViewController.swift */; };
		6C0DF44A2334DB0F0056A094 /* MenuViewController.swift in Sources */ = {isa = PBXBuildFile; fileRef = 6C0DF4492334DB0F0056A094 /* MenuViewController.swift */; };
		6C0DF45123385F050056A094 /* LessonCell.swift in Sources */ = {isa = PBXBuildFile; fileRef = 6C0DF44F23385F050056A094 /* LessonCell.swift */; };
		6C0DF45223385F050056A094 /* LessonCell.xib in Resources */ = {isa = PBXBuildFile; fileRef = 6C0DF45023385F050056A094 /* LessonCell.xib */; };
		6C0DF45623385F220056A094 /* HeaderLessonCell.swift in Sources */ = {isa = PBXBuildFile; fileRef = 6C0DF45423385F220056A094 /* HeaderLessonCell.swift */; };
		6C0DF45723385F220056A094 /* HeaderLessonCell.xib in Resources */ = {isa = PBXBuildFile; fileRef = 6C0DF45523385F220056A094 /* HeaderLessonCell.xib */; };
		6C0DF45E2339B3EB0056A094 /* ProfileController.storyboard in Resources */ = {isa = PBXBuildFile; fileRef = 6C0DF45D2339B3EB0056A094 /* ProfileController.storyboard */; };
		6C0DF4602339B4270056A094 /* LessonController.storyboard in Resources */ = {isa = PBXBuildFile; fileRef = 6C0DF45F2339B4270056A094 /* LessonController.storyboard */; };
		6C0DF4652339BAC90056A094 /* NavCell.swift in Sources */ = {isa = PBXBuildFile; fileRef = 6C0DF4632339BAC90056A094 /* NavCell.swift */; };
		6C0DF4662339BAC90056A094 /* NavCell.xib in Resources */ = {isa = PBXBuildFile; fileRef = 6C0DF4642339BAC90056A094 /* NavCell.xib */; };
		6C43C89223348F5800230882 /* CircleImage.swift in Sources */ = {isa = PBXBuildFile; fileRef = 6C43C89023348F5800230882 /* CircleImage.swift */; };
		6C43C89323348F5800230882 /* CardView.swift in Sources */ = {isa = PBXBuildFile; fileRef = 6C43C89123348F5800230882 /* CardView.swift */; };
		6C5952AF233350C000515B62 /* AppDelegate.swift in Sources */ = {isa = PBXBuildFile; fileRef = 6C5952AE233350C000515B62 /* AppDelegate.swift */; };
		6C5952B6233350C100515B62 /* Assets.xcassets in Resources */ = {isa = PBXBuildFile; fileRef = 6C5952B5233350C100515B62 /* Assets.xcassets */; };
		6C5952B9233350C100515B62 /* LaunchScreen.storyboard in Resources */ = {isa = PBXBuildFile; fileRef = 6C5952B7233350C100515B62 /* LaunchScreen.storyboard */; };
		6C5952C4233350C100515B62 /* ICLEduTests.swift in Sources */ = {isa = PBXBuildFile; fileRef = 6C5952C3233350C100515B62 /* ICLEduTests.swift */; };
		6CB39CC0233BA5B70098A363 /* VocabularyCell.swift in Sources */ = {isa = PBXBuildFile; fileRef = 6CB39CBE233BA5B70098A363 /* VocabularyCell.swift */; };
		6CB39CC1233BA5B70098A363 /* VocabularyCell.xib in Resources */ = {isa = PBXBuildFile; fileRef = 6CB39CBF233BA5B70098A363 /* VocabularyCell.xib */; };
		6CB39CC5233BA9340098A363 /* CardCell.swift in Sources */ = {isa = PBXBuildFile; fileRef = 6CB39CC3233BA9340098A363 /* CardCell.swift */; };
		6CB39CC6233BA9340098A363 /* CardCell.xib in Resources */ = {isa = PBXBuildFile; fileRef = 6CB39CC4233BA9340098A363 /* CardCell.xib */; };
		6CB39CEC233DB4970098A363 /* LinearProgressView.swift in Sources */ = {isa = PBXBuildFile; fileRef = 6CB39CEB233DB4970098A363 /* LinearProgressView.swift */; };
		6CB39D18233DF10B0098A363 /* VocabularyPresenter.swift in Sources */ = {isa = PBXBuildFile; fileRef = 6CB39D17233DF10B0098A363 /* VocabularyPresenter.swift */; };
		6CDEB902233A036000420ABE /* ModifyProfileViewController.swift in Sources */ = {isa = PBXBuildFile; fileRef = 6CDEB901233A036000420ABE /* ModifyProfileViewController.swift */; };
		6CDEB904233A037700420ABE /* ModifyProfileController.storyboard in Resources */ = {isa = PBXBuildFile; fileRef = 6CDEB903233A037700420ABE /* ModifyProfileController.storyboard */; };
		6CDEB914233A175500420ABE /* Color.swift in Sources */ = {isa = PBXBuildFile; fileRef = 6CDEB913233A175500420ABE /* Color.swift */; };
		6CDEB91A233B196000420ABE /* Card.swift in Sources */ = {isa = PBXBuildFile; fileRef = 6CDEB919233B196000420ABE /* Card.swift */; };
		88DCB72D2344517D004DF4C2 /* PresenterModifyProfile.swift in Sources */ = {isa = PBXBuildFile; fileRef = 88DCB72C2344517D004DF4C2 /* PresenterModifyProfile.swift */; };
		88DCB734234496F8004DF4C2 /* SwitchViewController.swift in Sources */ = {isa = PBXBuildFile; fileRef = 88DCB733234496F8004DF4C2 /* SwitchViewController.swift */; };
		88F507A52344A63A00837370 /* Main.storyboard in Resources */ = {isa = PBXBuildFile; fileRef = 88F507A42344A63900837370 /* Main.storyboard */; };
		D50E4974CB20813462F4AACC /* Pods_ICLEduTests.framework in Frameworks */ = {isa = PBXBuildFile; fileRef = E91767D1E209C55370D77754 /* Pods_ICLEduTests.framework */; };
/* End PBXBuildFile section */

/* Begin PBXContainerItemProxy section */
		6C5952C0233350C100515B62 /* PBXContainerItemProxy */ = {
			isa = PBXContainerItemProxy;
			containerPortal = 6C5952A3233350C000515B62 /* Project object */;
			proxyType = 1;
			remoteGlobalIDString = 6C5952AA233350C000515B62;
			remoteInfo = ICLEdu;
		};
/* End PBXContainerItemProxy section */

/* Begin PBXFileReference section */
		2F4A356827C6357FBC0D7A99 /* Pods-ICLEduTests.release.xcconfig */ = {isa = PBXFileReference; includeInIndex = 1; lastKnownFileType = text.xcconfig; name = "Pods-ICLEduTests.release.xcconfig"; path = "Target Support Files/Pods-ICLEduTests/Pods-ICLEduTests.release.xcconfig"; sourceTree = "<group>"; };
		4D8032B96284BA667232B6C4 /* Pods-ICLEdu.debug.xcconfig */ = {isa = PBXFileReference; includeInIndex = 1; lastKnownFileType = text.xcconfig; name = "Pods-ICLEdu.debug.xcconfig"; path = "Target Support Files/Pods-ICLEdu/Pods-ICLEdu.debug.xcconfig"; sourceTree = "<group>"; };
		5335EDD87122537728C72CCE /* Pods_ICLEdu.framework */ = {isa = PBXFileReference; explicitFileType = wrapper.framework; includeInIndex = 0; path = Pods_ICLEdu.framework; sourceTree = BUILT_PRODUCTS_DIR; };
		6C0DF43A2334D1980056A094 /* VocabularyController.storyboard */ = {isa = PBXFileReference; lastKnownFileType = file.storyboard; path = VocabularyController.storyboard; sourceTree = "<group>"; };
		6C0DF43C2334D9E40056A094 /* VocabularyViewController.swift */ = {isa = PBXFileReference; lastKnownFileType = sourcecode.swift; path = VocabularyViewController.swift; sourceTree = "<group>"; };
		6C0DF4452334DAE50056A094 /* ProfileViewController.swift */ = {isa = PBXFileReference; lastKnownFileType = sourcecode.swift; path = ProfileViewController.swift; sourceTree = "<group>"; };
		6C0DF4472334DAFF0056A094 /* LessonViewController.swift */ = {isa = PBXFileReference; lastKnownFileType = sourcecode.swift; path = LessonViewController.swift; sourceTree = "<group>"; };
		6C0DF4492334DB0F0056A094 /* MenuViewController.swift */ = {isa = PBXFileReference; lastKnownFileType = sourcecode.swift; path = MenuViewController.swift; sourceTree = "<group>"; };
		6C0DF44F23385F050056A094 /* LessonCell.swift */ = {isa = PBXFileReference; lastKnownFileType = sourcecode.swift; path = LessonCell.swift; sourceTree = "<group>"; };
		6C0DF45023385F050056A094 /* LessonCell.xib */ = {isa = PBXFileReference; lastKnownFileType = file.xib; path = LessonCell.xib; sourceTree = "<group>"; };
		6C0DF45423385F220056A094 /* HeaderLessonCell.swift */ = {isa = PBXFileReference; lastKnownFileType = sourcecode.swift; path = HeaderLessonCell.swift; sourceTree = "<group>"; };
		6C0DF45523385F220056A094 /* HeaderLessonCell.xib */ = {isa = PBXFileReference; lastKnownFileType = file.xib; path = HeaderLessonCell.xib; sourceTree = "<group>"; };
		6C0DF45D2339B3EB0056A094 /* ProfileController.storyboard */ = {isa = PBXFileReference; lastKnownFileType = file.storyboard; path = ProfileController.storyboard; sourceTree = "<group>"; };
		6C0DF45F2339B4270056A094 /* LessonController.storyboard */ = {isa = PBXFileReference; lastKnownFileType = file.storyboard; path = LessonController.storyboard; sourceTree = "<group>"; };
		6C0DF4632339BAC90056A094 /* NavCell.swift */ = {isa = PBXFileReference; lastKnownFileType = sourcecode.swift; path = NavCell.swift; sourceTree = "<group>"; };
		6C0DF4642339BAC90056A094 /* NavCell.xib */ = {isa = PBXFileReference; lastKnownFileType = file.xib; path = NavCell.xib; sourceTree = "<group>"; };
		6C43C89023348F5800230882 /* CircleImage.swift */ = {isa = PBXFileReference; fileEncoding = 4; lastKnownFileType = sourcecode.swift; path = CircleImage.swift; sourceTree = "<group>"; };
		6C43C89123348F5800230882 /* CardView.swift */ = {isa = PBXFileReference; fileEncoding = 4; lastKnownFileType = sourcecode.swift; path = CardView.swift; sourceTree = "<group>"; };
		6C5952AB233350C000515B62 /* ICLEdu.app */ = {isa = PBXFileReference; explicitFileType = wrapper.application; includeInIndex = 0; path = ICLEdu.app; sourceTree = BUILT_PRODUCTS_DIR; };
		6C5952AE233350C000515B62 /* AppDelegate.swift */ = {isa = PBXFileReference; lastKnownFileType = sourcecode.swift; path = AppDelegate.swift; sourceTree = "<group>"; };
		6C5952B5233350C100515B62 /* Assets.xcassets */ = {isa = PBXFileReference; lastKnownFileType = folder.assetcatalog; path = Assets.xcassets; sourceTree = "<group>"; };
		6C5952B8233350C100515B62 /* Base */ = {isa = PBXFileReference; lastKnownFileType = file.storyboard; name = Base; path = Base.lproj/LaunchScreen.storyboard; sourceTree = "<group>"; };
		6C5952BA233350C100515B62 /* Info.plist */ = {isa = PBXFileReference; lastKnownFileType = text.plist.xml; path = Info.plist; sourceTree = "<group>"; };
		6C5952BF233350C100515B62 /* ICLEduTests.xctest */ = {isa = PBXFileReference; explicitFileType = wrapper.cfbundle; includeInIndex = 0; path = ICLEduTests.xctest; sourceTree = BUILT_PRODUCTS_DIR; };
		6C5952C3233350C100515B62 /* ICLEduTests.swift */ = {isa = PBXFileReference; lastKnownFileType = sourcecode.swift; path = ICLEduTests.swift; sourceTree = "<group>"; };
		6C5952C5233350C100515B62 /* Info.plist */ = {isa = PBXFileReference; lastKnownFileType = text.plist.xml; path = Info.plist; sourceTree = "<group>"; };
		6CB39CBE233BA5B70098A363 /* VocabularyCell.swift */ = {isa = PBXFileReference; lastKnownFileType = sourcecode.swift; path = VocabularyCell.swift; sourceTree = "<group>"; };
		6CB39CBF233BA5B70098A363 /* VocabularyCell.xib */ = {isa = PBXFileReference; lastKnownFileType = file.xib; path = VocabularyCell.xib; sourceTree = "<group>"; };
		6CB39CC3233BA9340098A363 /* CardCell.swift */ = {isa = PBXFileReference; lastKnownFileType = sourcecode.swift; path = CardCell.swift; sourceTree = "<group>"; };
		6CB39CC4233BA9340098A363 /* CardCell.xib */ = {isa = PBXFileReference; lastKnownFileType = file.xib; path = CardCell.xib; sourceTree = "<group>"; };
		6CB39CEB233DB4970098A363 /* LinearProgressView.swift */ = {isa = PBXFileReference; lastKnownFileType = sourcecode.swift; path = LinearProgressView.swift; sourceTree = "<group>"; };
		6CB39D17233DF10B0098A363 /* VocabularyPresenter.swift */ = {isa = PBXFileReference; lastKnownFileType = sourcecode.swift; path = VocabularyPresenter.swift; sourceTree = "<group>"; };
		6CDEB901233A036000420ABE /* ModifyProfileViewController.swift */ = {isa = PBXFileReference; lastKnownFileType = sourcecode.swift; path = ModifyProfileViewController.swift; sourceTree = "<group>"; };
		6CDEB903233A037700420ABE /* ModifyProfileController.storyboard */ = {isa = PBXFileReference; lastKnownFileType = file.storyboard; path = ModifyProfileController.storyboard; sourceTree = "<group>"; };
		6CDEB913233A175500420ABE /* Color.swift */ = {isa = PBXFileReference; lastKnownFileType = sourcecode.swift; path = Color.swift; sourceTree = "<group>"; };
		6CDEB919233B196000420ABE /* Card.swift */ = {isa = PBXFileReference; lastKnownFileType = sourcecode.swift; path = Card.swift; sourceTree = "<group>"; };
		6E3A27F1B1789C3E493A9E4B /* Pods-ICLEduTests.debug.xcconfig */ = {isa = PBXFileReference; includeInIndex = 1; lastKnownFileType = text.xcconfig; name = "Pods-ICLEduTests.debug.xcconfig"; path = "Target Support Files/Pods-ICLEduTests/Pods-ICLEduTests.debug.xcconfig"; sourceTree = "<group>"; };
		7E53901940DC13FDAADC0166 /* Pods-ICLEdu.release.xcconfig */ = {isa = PBXFileReference; includeInIndex = 1; lastKnownFileType = text.xcconfig; name = "Pods-ICLEdu.release.xcconfig"; path = "Target Support Files/Pods-ICLEdu/Pods-ICLEdu.release.xcconfig"; sourceTree = "<group>"; };
		88DCB72C2344517D004DF4C2 /* PresenterModifyProfile.swift */ = {isa = PBXFileReference; lastKnownFileType = sourcecode.swift; path = PresenterModifyProfile.swift; sourceTree = "<group>"; };
		88DCB733234496F8004DF4C2 /* SwitchViewController.swift */ = {isa = PBXFileReference; lastKnownFileType = sourcecode.swift; path = SwitchViewController.swift; sourceTree = "<group>"; };
		88F507A42344A63900837370 /* Main.storyboard */ = {isa = PBXFileReference; fileEncoding = 4; lastKnownFileType = file.storyboard; path = Main.storyboard; sourceTree = "<group>"; };
		E91767D1E209C55370D77754 /* Pods_ICLEduTests.framework */ = {isa = PBXFileReference; explicitFileType = wrapper.framework; includeInIndex = 0; path = Pods_ICLEduTests.framework; sourceTree = BUILT_PRODUCTS_DIR; };
/* End PBXFileReference section */

/* Begin PBXFrameworksBuildPhase section */
		6C5952A8233350C000515B62 /* Frameworks */ = {
			isa = PBXFrameworksBuildPhase;
			buildActionMask = 2147483647;
			files = (
				482BBBA7C0B8A7AFA955ADC5 /* Pods_ICLEdu.framework in Frameworks */,
			);
			runOnlyForDeploymentPostprocessing = 0;
		};
		6C5952BC233350C100515B62 /* Frameworks */ = {
			isa = PBXFrameworksBuildPhase;
			buildActionMask = 2147483647;
			files = (
				D50E4974CB20813462F4AACC /* Pods_ICLEduTests.framework in Frameworks */,
			);
			runOnlyForDeploymentPostprocessing = 0;
		};
/* End PBXFrameworksBuildPhase section */

/* Begin PBXGroup section */
		0EC7E5F56C251CC6EDB72525 /* Pods */ = {
			isa = PBXGroup;
			children = (
				4D8032B96284BA667232B6C4 /* Pods-ICLEdu.debug.xcconfig */,
				7E53901940DC13FDAADC0166 /* Pods-ICLEdu.release.xcconfig */,
				6E3A27F1B1789C3E493A9E4B /* Pods-ICLEduTests.debug.xcconfig */,
				2F4A356827C6357FBC0D7A99 /* Pods-ICLEduTests.release.xcconfig */,
			);
			path = Pods;
			sourceTree = "<group>";
		};
		253C7324512EACB301CFAD35 /* Frameworks */ = {
			isa = PBXGroup;
			children = (
				5335EDD87122537728C72CCE /* Pods_ICLEdu.framework */,
				E91767D1E209C55370D77754 /* Pods_ICLEduTests.framework */,
			);
			name = Frameworks;
			sourceTree = "<group>";
		};
		6C0DF4392334D1800056A094 /* Vocabulary */ = {
			isa = PBXGroup;
			children = (
				6C0DF43A2334D1980056A094 /* VocabularyController.storyboard */,
				6C0DF43C2334D9E40056A094 /* VocabularyViewController.swift */,
				6CB39D17233DF10B0098A363 /* VocabularyPresenter.swift */,
			);
			path = Vocabulary;
			sourceTree = "<group>";
		};
		6C0DF4422334DAA70056A094 /* Lesson */ = {
			isa = PBXGroup;
			children = (
				6C0DF4472334DAFF0056A094 /* LessonViewController.swift */,
				6C0DF45F2339B4270056A094 /* LessonController.storyboard */,
			);
			path = Lesson;
			sourceTree = "<group>";
		};
		6C0DF4432334DAAF0056A094 /* Menu */ = {
			isa = PBXGroup;
			children = (
				6C0DF4492334DB0F0056A094 /* MenuViewController.swift */,
			);
			path = Menu;
			sourceTree = "<group>";
		};
		6C0DF4442334DAD30056A094 /* Profile */ = {
			isa = PBXGroup;
			children = (
				6C0DF4452334DAE50056A094 /* ProfileViewController.swift */,
				6C0DF45D2339B3EB0056A094 /* ProfileController.storyboard */,
			);
			path = Profile;
			sourceTree = "<group>";
		};
		6C0DF44B23385E750056A094 /* Components */ = {
			isa = PBXGroup;
			children = (
				6C0DF44D23385EC50056A094 /* Modules */,
			);
			path = Components;
			sourceTree = "<group>";
		};
		6C0DF44D23385EC50056A094 /* Modules */ = {
			isa = PBXGroup;
			children = (
				6CDEB915233B184B00420ABE /* Vocabulary Cell */,
				6CDEB905233A0DD100420ABE /* Lesson Cell */,
			);
			path = Modules;
			sourceTree = "<group>";
		};
		6C0DF44E23385ED90056A094 /* LessonCell */ = {
			isa = PBXGroup;
			children = (
				6C0DF44F23385F050056A094 /* LessonCell.swift */,
				6C0DF45023385F050056A094 /* LessonCell.xib */,
			);
			path = LessonCell;
			sourceTree = "<group>";
		};
		6C0DF45323385F0D0056A094 /* Header Lesson Cell */ = {
			isa = PBXGroup;
			children = (
				6C0DF45423385F220056A094 /* HeaderLessonCell.swift */,
				6C0DF45523385F220056A094 /* HeaderLessonCell.xib */,
			);
			path = "Header Lesson Cell";
			sourceTree = "<group>";
		};
		6C0DF4622339B9EF0056A094 /* Nav Cell */ = {
			isa = PBXGroup;
			children = (
				6C0DF4632339BAC90056A094 /* NavCell.swift */,
				6C0DF4642339BAC90056A094 /* NavCell.xib */,
			);
			path = "Nav Cell";
			sourceTree = "<group>";
		};
		6C43C8942334917200230882 /* Sources */ = {
			isa = PBXGroup;
			children = (
				6C43C898233491B100230882 /* Foundations */,
				6C43C897233491A500230882 /* Network */,
				6C43C8962334919D00230882 /* Models */,
				6C43C8952334919200230882 /* Controllers */,
			);
			path = Sources;
			sourceTree = "<group>";
		};
		6C43C8952334919200230882 /* Controllers */ = {
			isa = PBXGroup;
			children = (
				88DCB72E234457A2004DF4C2 /* Switcher  */,
				6CDEB900233A032300420ABE /* Modify Profile */,
				6C0DF4442334DAD30056A094 /* Profile */,
				6C0DF4432334DAAF0056A094 /* Menu */,
				6C0DF4422334DAA70056A094 /* Lesson */,
				6C0DF4392334D1800056A094 /* Vocabulary */,
			);
			path = Controllers;
			sourceTree = "<group>";
		};
		6C43C8962334919D00230882 /* Models */ = {
			isa = PBXGroup;
			children = (
				6CDEB918233B194600420ABE /* Card Model */,
				6C43C899233491DA00230882 /* Request */,
			);
			path = Models;
			sourceTree = "<group>";
		};
		6C43C897233491A500230882 /* Network */ = {
			isa = PBXGroup;
			children = (
			);
			path = Network;
			sourceTree = "<group>";
		};
		6C43C898233491B100230882 /* Foundations */ = {
			isa = PBXGroup;
			children = (
				6C0DF44B23385E750056A094 /* Components */,
				6C43C89A2334920400230882 /* Extensions */,
			);
			path = Foundations;
			sourceTree = "<group>";
		};
		6C43C899233491DA00230882 /* Request */ = {
			isa = PBXGroup;
			children = (
			);
			path = Request;
			sourceTree = "<group>";
		};
		6C43C89A2334920400230882 /* Extensions */ = {
			isa = PBXGroup;
			children = (
				6C43C89123348F5800230882 /* CardView.swift */,
				6C43C89023348F5800230882 /* CircleImage.swift */,
				6CDEB913233A175500420ABE /* Color.swift */,
				6CB39CEB233DB4970098A363 /* LinearProgressView.swift */,
			);
			path = Extensions;
			sourceTree = "<group>";
		};
		6C5952A2233350C000515B62 = {
			isa = PBXGroup;
			children = (
				6C5952AD233350C000515B62 /* ICLEdu */,
				6C5952C2233350C100515B62 /* ICLEduTests */,
				6C5952AC233350C000515B62 /* Products */,
				0EC7E5F56C251CC6EDB72525 /* Pods */,
				253C7324512EACB301CFAD35 /* Frameworks */,
			);
			sourceTree = "<group>";
		};
		6C5952AC233350C000515B62 /* Products */ = {
			isa = PBXGroup;
			children = (
				6C5952AB233350C000515B62 /* ICLEdu.app */,
				6C5952BF233350C100515B62 /* ICLEduTests.xctest */,
			);
			name = Products;
			sourceTree = "<group>";
		};
		6C5952AD233350C000515B62 /* ICLEdu */ = {
			isa = PBXGroup;
			children = (
				6C43C8942334917200230882 /* Sources */,
				6C5952AE233350C000515B62 /* AppDelegate.swift */,
				6C5952B5233350C100515B62 /* Assets.xcassets */,
				6C5952B7233350C100515B62 /* LaunchScreen.storyboard */,
				6C5952BA233350C100515B62 /* Info.plist */,
			);
			path = ICLEdu;
			sourceTree = "<group>";
		};
		6C5952C2233350C100515B62 /* ICLEduTests */ = {
			isa = PBXGroup;
			children = (
				6C5952C3233350C100515B62 /* ICLEduTests.swift */,
				6C5952C5233350C100515B62 /* Info.plist */,
			);
			path = ICLEduTests;
			sourceTree = "<group>";
		};
		6CB39CC2233BA90F0098A363 /* CardCell */ = {
			isa = PBXGroup;
			children = (
				6CB39CC3233BA9340098A363 /* CardCell.swift */,
				6CB39CC4233BA9340098A363 /* CardCell.xib */,
			);
			path = CardCell;
			sourceTree = "<group>";
		};
		6CDEB900233A032300420ABE /* Modify Profile */ = {
			isa = PBXGroup;
			children = (
				6CDEB901233A036000420ABE /* ModifyProfileViewController.swift */,
				6CDEB903233A037700420ABE /* ModifyProfileController.storyboard */,
				88DCB72C2344517D004DF4C2 /* PresenterModifyProfile.swift */,
			);
			path = "Modify Profile";
			sourceTree = "<group>";
		};
		6CDEB905233A0DD100420ABE /* Lesson Cell */ = {
			isa = PBXGroup;
			children = (
				6C0DF4622339B9EF0056A094 /* Nav Cell */,
				6C0DF45323385F0D0056A094 /* Header Lesson Cell */,
				6C0DF44E23385ED90056A094 /* LessonCell */,
			);
			path = "Lesson Cell";
			sourceTree = "<group>";
		};
		6CDEB915233B184B00420ABE /* Vocabulary Cell */ = {
			isa = PBXGroup;
			children = (
				6CB39CC2233BA90F0098A363 /* CardCell */,
				6CB39CBE233BA5B70098A363 /* VocabularyCell.swift */,
				6CB39CBF233BA5B70098A363 /* VocabularyCell.xib */,
			);
			path = "Vocabulary Cell";
			sourceTree = "<group>";
		};
		6CDEB918233B194600420ABE /* Card Model */ = {
			isa = PBXGroup;
			children = (
				6CDEB919233B196000420ABE /* Card.swift */,
			);
			path = "Card Model";
			sourceTree = "<group>";
		};
		88DCB72E234457A2004DF4C2 /* Switcher  */ = {
			isa = PBXGroup;
			children = (
				88F507A42344A63900837370 /* Main.storyboard */,
				88DCB733234496F8004DF4C2 /* SwitchViewController.swift */,
			);
			path = "Switcher ";
			sourceTree = "<group>";
		};
/* End PBXGroup section */

/* Begin PBXNativeTarget section */
		6C5952AA233350C000515B62 /* ICLEdu */ = {
			isa = PBXNativeTarget;
			buildConfigurationList = 6C5952C8233350C100515B62 /* Build configuration list for PBXNativeTarget "ICLEdu" */;
			buildPhases = (
				A744CFF9BCFDFEB185369A98 /* [CP] Check Pods Manifest.lock */,
				6C5952A7233350C000515B62 /* Sources */,
				6C5952A8233350C000515B62 /* Frameworks */,
				6C5952A9233350C000515B62 /* Resources */,
				FEA9C04F991E6BB6A6DE51ED /* [CP] Embed Pods Frameworks */,
			);
			buildRules = (
			);
			dependencies = (
			);
			name = ICLEdu;
			productName = ICLEdu;
			productReference = 6C5952AB233350C000515B62 /* ICLEdu.app */;
			productType = "com.apple.product-type.application";
		};
		6C5952BE233350C100515B62 /* ICLEduTests */ = {
			isa = PBXNativeTarget;
			buildConfigurationList = 6C5952CB233350C100515B62 /* Build configuration list for PBXNativeTarget "ICLEduTests" */;
			buildPhases = (
				E66F8DF369C19778119B2644 /* [CP] Check Pods Manifest.lock */,
				6C5952BB233350C100515B62 /* Sources */,
				6C5952BC233350C100515B62 /* Frameworks */,
				6C5952BD233350C100515B62 /* Resources */,
			);
			buildRules = (
			);
			dependencies = (
				6C5952C1233350C100515B62 /* PBXTargetDependency */,
			);
			name = ICLEduTests;
			productName = ICLEduTests;
			productReference = 6C5952BF233350C100515B62 /* ICLEduTests.xctest */;
			productType = "com.apple.product-type.bundle.unit-test";
		};
/* End PBXNativeTarget section */

/* Begin PBXProject section */
		6C5952A3233350C000515B62 /* Project object */ = {
			isa = PBXProject;
			attributes = {
				LastSwiftUpdateCheck = 1030;
				LastUpgradeCheck = 1030;
				ORGANIZATIONNAME = "Ta Tuan";
				TargetAttributes = {
					6C5952AA233350C000515B62 = {
						CreatedOnToolsVersion = 10.3;
					};
					6C5952BE233350C100515B62 = {
						CreatedOnToolsVersion = 10.3;
						TestTargetID = 6C5952AA233350C000515B62;
					};
				};
			};
			buildConfigurationList = 6C5952A6233350C000515B62 /* Build configuration list for PBXProject "ICLEdu" */;
			compatibilityVersion = "Xcode 9.3";
			developmentRegion = en;
			hasScannedForEncodings = 0;
			knownRegions = (
				en,
				Base,
			);
			mainGroup = 6C5952A2233350C000515B62;
			productRefGroup = 6C5952AC233350C000515B62 /* Products */;
			projectDirPath = "";
			projectRoot = "";
			targets = (
				6C5952AA233350C000515B62 /* ICLEdu */,
				6C5952BE233350C100515B62 /* ICLEduTests */,
			);
		};
/* End PBXProject section */

/* Begin PBXResourcesBuildPhase section */
		6C5952A9233350C000515B62 /* Resources */ = {
			isa = PBXResourcesBuildPhase;
			buildActionMask = 2147483647;
			files = (
				6C0DF45E2339B3EB0056A094 /* ProfileController.storyboard in Resources */,
				6C0DF43B2334D1980056A094 /* VocabularyController.storyboard in Resources */,
				6C0DF45223385F050056A094 /* LessonCell.xib in Resources */,
				88F507A52344A63A00837370 /* Main.storyboard in Resources */,
				6CB39CC1233BA5B70098A363 /* VocabularyCell.xib in Resources */,
				6C0DF45723385F220056A094 /* HeaderLessonCell.xib in Resources */,
				6C0DF4602339B4270056A094 /* LessonController.storyboard in Resources */,
				6C5952B9233350C100515B62 /* LaunchScreen.storyboard in Resources */,
				6CB39CC6233BA9340098A363 /* CardCell.xib in Resources */,
				6CDEB904233A037700420ABE /* ModifyProfileController.storyboard in Resources */,
				6C5952B6233350C100515B62 /* Assets.xcassets in Resources */,
				6C0DF4662339BAC90056A094 /* NavCell.xib in Resources */,
			);
			runOnlyForDeploymentPostprocessing = 0;
		};
		6C5952BD233350C100515B62 /* Resources */ = {
			isa = PBXResourcesBuildPhase;
			buildActionMask = 2147483647;
			files = (
			);
			runOnlyForDeploymentPostprocessing = 0;
		};
/* End PBXResourcesBuildPhase section */

/* Begin PBXShellScriptBuildPhase section */
		A744CFF9BCFDFEB185369A98 /* [CP] Check Pods Manifest.lock */ = {
			isa = PBXShellScriptBuildPhase;
			buildActionMask = 2147483647;
			files = (
			);
			inputFileListPaths = (
			);
			inputPaths = (
				"${PODS_PODFILE_DIR_PATH}/Podfile.lock",
				"${PODS_ROOT}/Manifest.lock",
			);
			name = "[CP] Check Pods Manifest.lock";
			outputFileListPaths = (
			);
			outputPaths = (
				"$(DERIVED_FILE_DIR)/Pods-ICLEdu-checkManifestLockResult.txt",
			);
			runOnlyForDeploymentPostprocessing = 0;
			shellPath = /bin/sh;
			shellScript = "diff \"${PODS_PODFILE_DIR_PATH}/Podfile.lock\" \"${PODS_ROOT}/Manifest.lock\" > /dev/null\nif [ $? != 0 ] ; then\n    # print error to STDERR\n    echo \"error: The sandbox is not in sync with the Podfile.lock. Run 'pod install' or update your CocoaPods installation.\" >&2\n    exit 1\nfi\n# This output is used by Xcode 'outputs' to avoid re-running this script phase.\necho \"SUCCESS\" > \"${SCRIPT_OUTPUT_FILE_0}\"\n";
			showEnvVarsInLog = 0;
		};
		E66F8DF369C19778119B2644 /* [CP] Check Pods Manifest.lock */ = {
			isa = PBXShellScriptBuildPhase;
			buildActionMask = 2147483647;
			files = (
			);
			inputFileListPaths = (
			);
			inputPaths = (
				"${PODS_PODFILE_DIR_PATH}/Podfile.lock",
				"${PODS_ROOT}/Manifest.lock",
			);
			name = "[CP] Check Pods Manifest.lock";
			outputFileListPaths = (
			);
			outputPaths = (
				"$(DERIVED_FILE_DIR)/Pods-ICLEduTests-checkManifestLockResult.txt",
			);
			runOnlyForDeploymentPostprocessing = 0;
			shellPath = /bin/sh;
			shellScript = "diff \"${PODS_PODFILE_DIR_PATH}/Podfile.lock\" \"${PODS_ROOT}/Manifest.lock\" > /dev/null\nif [ $? != 0 ] ; then\n    # print error to STDERR\n    echo \"error: The sandbox is not in sync with the Podfile.lock. Run 'pod install' or update your CocoaPods installation.\" >&2\n    exit 1\nfi\n# This output is used by Xcode 'outputs' to avoid re-running this script phase.\necho \"SUCCESS\" > \"${SCRIPT_OUTPUT_FILE_0}\"\n";
			showEnvVarsInLog = 0;
		};
		FEA9C04F991E6BB6A6DE51ED /* [CP] Embed Pods Frameworks */ = {
			isa = PBXShellScriptBuildPhase;
			buildActionMask = 2147483647;
			files = (
			);
			inputFileListPaths = (
				"${PODS_ROOT}/Target Support Files/Pods-ICLEdu/Pods-ICLEdu-frameworks-${CONFIGURATION}-input-files.xcfilelist",
			);
			name = "[CP] Embed Pods Frameworks";
			outputFileListPaths = (
				"${PODS_ROOT}/Target Support Files/Pods-ICLEdu/Pods-ICLEdu-frameworks-${CONFIGURATION}-output-files.xcfilelist",
			);
			runOnlyForDeploymentPostprocessing = 0;
			shellPath = /bin/sh;
			shellScript = "\"${PODS_ROOT}/Target Support Files/Pods-ICLEdu/Pods-ICLEdu-frameworks.sh\"\n";
			showEnvVarsInLog = 0;
		};
/* End PBXShellScriptBuildPhase section */

/* Begin PBXSourcesBuildPhase section */
		6C5952A7233350C000515B62 /* Sources */ = {
			isa = PBXSourcesBuildPhase;
			buildActionMask = 2147483647;
			files = (
				6C0DF44A2334DB0F0056A094 /* MenuViewController.swift in Sources */,
				6C0DF45623385F220056A094 /* HeaderLessonCell.swift in Sources */,
				6C5952AF233350C000515B62 /* AppDelegate.swift in Sources */,
				6C0DF43D2334D9E40056A094 /* VocabularyViewController.swift in Sources */,
				6CB39CC0233BA5B70098A363 /* VocabularyCell.swift in Sources */,
				6CB39CEC233DB4970098A363 /* LinearProgressView.swift in Sources */,
				88DCB734234496F8004DF4C2 /* SwitchViewController.swift in Sources */,
				6CDEB914233A175500420ABE /* Color.swift in Sources */,
				6CDEB91A233B196000420ABE /* Card.swift in Sources */,
				6C0DF45123385F050056A094 /* LessonCell.swift in Sources */,
				6C43C89323348F5800230882 /* CardView.swift in Sources */,
				6C0DF4652339BAC90056A094 /* NavCell.swift in Sources */,
				6CB39D18233DF10B0098A363 /* VocabularyPresenter.swift in Sources */,
				6C43C89223348F5800230882 /* CircleImage.swift in Sources */,
				88DCB72D2344517D004DF4C2 /* PresenterModifyProfile.swift in Sources */,
				6CDEB902233A036000420ABE /* ModifyProfileViewController.swift in Sources */,
				6C0DF4462334DAE50056A094 /* ProfileViewController.swift in Sources */,
				6C0DF4482334DAFF0056A094 /* LessonViewController.swift in Sources */,
				6CB39CC5233BA9340098A363 /* CardCell.swift in Sources */,
			);
			runOnlyForDeploymentPostprocessing = 0;
		};
		6C5952BB233350C100515B62 /* Sources */ = {
			isa = PBXSourcesBuildPhase;
			buildActionMask = 2147483647;
			files = (
				6C5952C4233350C100515B62 /* ICLEduTests.swift in Sources */,
			);
			runOnlyForDeploymentPostprocessing = 0;
		};
/* End PBXSourcesBuildPhase section */

/* Begin PBXTargetDependency section */
		6C5952C1233350C100515B62 /* PBXTargetDependency */ = {
			isa = PBXTargetDependency;
			target = 6C5952AA233350C000515B62 /* ICLEdu */;
			targetProxy = 6C5952C0233350C100515B62 /* PBXContainerItemProxy */;
		};
/* End PBXTargetDependency section */

/* Begin PBXVariantGroup section */
		6C5952B7233350C100515B62 /* LaunchScreen.storyboard */ = {
			isa = PBXVariantGroup;
			children = (
				6C5952B8233350C100515B62 /* Base */,
			);
			name = LaunchScreen.storyboard;
			sourceTree = "<group>";
		};
/* End PBXVariantGroup section */

/* Begin XCBuildConfiguration section */
		6C5952C6233350C100515B62 /* Debug */ = {
			isa = XCBuildConfiguration;
			buildSettings = {
				ALWAYS_SEARCH_USER_PATHS = NO;
				CLANG_ANALYZER_NONNULL = YES;
				CLANG_ANALYZER_NUMBER_OBJECT_CONVERSION = YES_AGGRESSIVE;
				CLANG_CXX_LANGUAGE_STANDARD = "gnu++14";
				CLANG_CXX_LIBRARY = "libc++";
				CLANG_ENABLE_MODULES = YES;
				CLANG_ENABLE_OBJC_ARC = YES;
				CLANG_ENABLE_OBJC_WEAK = YES;
				CLANG_WARN_BLOCK_CAPTURE_AUTORELEASING = YES;
				CLANG_WARN_BOOL_CONVERSION = YES;
				CLANG_WARN_COMMA = YES;
				CLANG_WARN_CONSTANT_CONVERSION = YES;
				CLANG_WARN_DEPRECATED_OBJC_IMPLEMENTATIONS = YES;
				CLANG_WARN_DIRECT_OBJC_ISA_USAGE = YES_ERROR;
				CLANG_WARN_DOCUMENTATION_COMMENTS = YES;
				CLANG_WARN_EMPTY_BODY = YES;
				CLANG_WARN_ENUM_CONVERSION = YES;
				CLANG_WARN_INFINITE_RECURSION = YES;
				CLANG_WARN_INT_CONVERSION = YES;
				CLANG_WARN_NON_LITERAL_NULL_CONVERSION = YES;
				CLANG_WARN_OBJC_IMPLICIT_RETAIN_SELF = YES;
				CLANG_WARN_OBJC_LITERAL_CONVERSION = YES;
				CLANG_WARN_OBJC_ROOT_CLASS = YES_ERROR;
				CLANG_WARN_RANGE_LOOP_ANALYSIS = YES;
				CLANG_WARN_STRICT_PROTOTYPES = YES;
				CLANG_WARN_SUSPICIOUS_MOVE = YES;
				CLANG_WARN_UNGUARDED_AVAILABILITY = YES_AGGRESSIVE;
				CLANG_WARN_UNREACHABLE_CODE = YES;
				CLANG_WARN__DUPLICATE_METHOD_MATCH = YES;
				CODE_SIGN_IDENTITY = "iPhone Developer";
				COPY_PHASE_STRIP = NO;
				DEBUG_INFORMATION_FORMAT = dwarf;
				ENABLE_STRICT_OBJC_MSGSEND = YES;
				ENABLE_TESTABILITY = YES;
				GCC_C_LANGUAGE_STANDARD = gnu11;
				GCC_DYNAMIC_NO_PIC = NO;
				GCC_NO_COMMON_BLOCKS = YES;
				GCC_OPTIMIZATION_LEVEL = 0;
				GCC_PREPROCESSOR_DEFINITIONS = (
					"DEBUG=1",
					"$(inherited)",
				);
				GCC_WARN_64_TO_32_BIT_CONVERSION = YES;
				GCC_WARN_ABOUT_RETURN_TYPE = YES_ERROR;
				GCC_WARN_UNDECLARED_SELECTOR = YES;
				GCC_WARN_UNINITIALIZED_AUTOS = YES_AGGRESSIVE;
				GCC_WARN_UNUSED_FUNCTION = YES;
				GCC_WARN_UNUSED_VARIABLE = YES;
				IPHONEOS_DEPLOYMENT_TARGET = 11.0;
				MTL_ENABLE_DEBUG_INFO = INCLUDE_SOURCE;
				MTL_FAST_MATH = YES;
				ONLY_ACTIVE_ARCH = YES;
				SDKROOT = iphoneos;
				SWIFT_ACTIVE_COMPILATION_CONDITIONS = DEBUG;
				SWIFT_OPTIMIZATION_LEVEL = "-Onone";
			};
			name = Debug;
		};
		6C5952C7233350C100515B62 /* Release */ = {
			isa = XCBuildConfiguration;
			buildSettings = {
				ALWAYS_SEARCH_USER_PATHS = NO;
				CLANG_ANALYZER_NONNULL = YES;
				CLANG_ANALYZER_NUMBER_OBJECT_CONVERSION = YES_AGGRESSIVE;
				CLANG_CXX_LANGUAGE_STANDARD = "gnu++14";
				CLANG_CXX_LIBRARY = "libc++";
				CLANG_ENABLE_MODULES = YES;
				CLANG_ENABLE_OBJC_ARC = YES;
				CLANG_ENABLE_OBJC_WEAK = YES;
				CLANG_WARN_BLOCK_CAPTURE_AUTORELEASING = YES;
				CLANG_WARN_BOOL_CONVERSION = YES;
				CLANG_WARN_COMMA = YES;
				CLANG_WARN_CONSTANT_CONVERSION = YES;
				CLANG_WARN_DEPRECATED_OBJC_IMPLEMENTATIONS = YES;
				CLANG_WARN_DIRECT_OBJC_ISA_USAGE = YES_ERROR;
				CLANG_WARN_DOCUMENTATION_COMMENTS = YES;
				CLANG_WARN_EMPTY_BODY = YES;
				CLANG_WARN_ENUM_CONVERSION = YES;
				CLANG_WARN_INFINITE_RECURSION = YES;
				CLANG_WARN_INT_CONVERSION = YES;
				CLANG_WARN_NON_LITERAL_NULL_CONVERSION = YES;
				CLANG_WARN_OBJC_IMPLICIT_RETAIN_SELF = YES;
				CLANG_WARN_OBJC_LITERAL_CONVERSION = YES;
				CLANG_WARN_OBJC_ROOT_CLASS = YES_ERROR;
				CLANG_WARN_RANGE_LOOP_ANALYSIS = YES;
				CLANG_WARN_STRICT_PROTOTYPES = YES;
				CLANG_WARN_SUSPICIOUS_MOVE = YES;
				CLANG_WARN_UNGUARDED_AVAILABILITY = YES_AGGRESSIVE;
				CLANG_WARN_UNREACHABLE_CODE = YES;
				CLANG_WARN__DUPLICATE_METHOD_MATCH = YES;
				CODE_SIGN_IDENTITY = "iPhone Developer";
				COPY_PHASE_STRIP = NO;
				DEBUG_INFORMATION_FORMAT = "dwarf-with-dsym";
				ENABLE_NS_ASSERTIONS = NO;
				ENABLE_STRICT_OBJC_MSGSEND = YES;
				GCC_C_LANGUAGE_STANDARD = gnu11;
				GCC_NO_COMMON_BLOCKS = YES;
				GCC_WARN_64_TO_32_BIT_CONVERSION = YES;
				GCC_WARN_ABOUT_RETURN_TYPE = YES_ERROR;
				GCC_WARN_UNDECLARED_SELECTOR = YES;
				GCC_WARN_UNINITIALIZED_AUTOS = YES_AGGRESSIVE;
				GCC_WARN_UNUSED_FUNCTION = YES;
				GCC_WARN_UNUSED_VARIABLE = YES;
				IPHONEOS_DEPLOYMENT_TARGET = 11.0;
				MTL_ENABLE_DEBUG_INFO = NO;
				MTL_FAST_MATH = YES;
				SDKROOT = iphoneos;
				SWIFT_COMPILATION_MODE = wholemodule;
				SWIFT_OPTIMIZATION_LEVEL = "-O";
				VALIDATE_PRODUCT = YES;
			};
			name = Release;
		};
		6C5952C9233350C100515B62 /* Debug */ = {
			isa = XCBuildConfiguration;
			baseConfigurationReference = 4D8032B96284BA667232B6C4 /* Pods-ICLEdu.debug.xcconfig */;
			buildSettings = {
				ASSETCATALOG_COMPILER_APPICON_NAME = AppIcon;
				CODE_SIGN_STYLE = Automatic;
				DEVELOPMENT_TEAM = B6Z4TQHJDC;
				INFOPLIST_FILE = ICLEdu/Info.plist;
				IPHONEOS_DEPLOYMENT_TARGET = 11.0;
				LD_RUNPATH_SEARCH_PATHS = (
					"$(inherited)",
					"@executable_path/Frameworks",
				);
				PRODUCT_BUNDLE_IDENTIFIER = com.idghodings.icledu;
				PRODUCT_NAME = "$(TARGET_NAME)";
				SWIFT_VERSION = 5.0;
				TARGETED_DEVICE_FAMILY = 1;
			};
			name = Debug;
		};
		6C5952CA233350C100515B62 /* Release */ = {
			isa = XCBuildConfiguration;
			baseConfigurationReference = 7E53901940DC13FDAADC0166 /* Pods-ICLEdu.release.xcconfig */;
			buildSettings = {
				ASSETCATALOG_COMPILER_APPICON_NAME = AppIcon;
				CODE_SIGN_STYLE = Automatic;
				DEVELOPMENT_TEAM = B6Z4TQHJDC;
				INFOPLIST_FILE = ICLEdu/Info.plist;
				IPHONEOS_DEPLOYMENT_TARGET = 11.0;
				LD_RUNPATH_SEARCH_PATHS = (
					"$(inherited)",
					"@executable_path/Frameworks",
				);
				PRODUCT_BUNDLE_IDENTIFIER = com.idghodings.icledu;
				PRODUCT_NAME = "$(TARGET_NAME)";
				SWIFT_VERSION = 5.0;
				TARGETED_DEVICE_FAMILY = 1;
			};
			name = Release;
		};
		6C5952CC233350C100515B62 /* Debug */ = {
			isa = XCBuildConfiguration;
			baseConfigurationReference = 6E3A27F1B1789C3E493A9E4B /* Pods-ICLEduTests.debug.xcconfig */;
			buildSettings = {
				ALWAYS_EMBED_SWIFT_STANDARD_LIBRARIES = YES;
				BUNDLE_LOADER = "$(TEST_HOST)";
				CODE_SIGN_STYLE = Automatic;
				INFOPLIST_FILE = ICLEduTests/Info.plist;
				LD_RUNPATH_SEARCH_PATHS = (
					"$(inherited)",
					"@executable_path/Frameworks",
					"@loader_path/Frameworks",
				);
				PRODUCT_BUNDLE_IDENTIFIER = com.IDGHOLDINGS.ICLEduTests;
				PRODUCT_NAME = "$(TARGET_NAME)";
				SWIFT_VERSION = 5.0;
				TARGETED_DEVICE_FAMILY = "1,2";
				TEST_HOST = "$(BUILT_PRODUCTS_DIR)/ICLEdu.app/ICLEdu";
			};
			name = Debug;
		};
		6C5952CD233350C100515B62 /* Release */ = {
			isa = XCBuildConfiguration;
			baseConfigurationReference = 2F4A356827C6357FBC0D7A99 /* Pods-ICLEduTests.release.xcconfig */;
			buildSettings = {
				ALWAYS_EMBED_SWIFT_STANDARD_LIBRARIES = YES;
				BUNDLE_LOADER = "$(TEST_HOST)";
				CODE_SIGN_STYLE = Automatic;
				INFOPLIST_FILE = ICLEduTests/Info.plist;
				LD_RUNPATH_SEARCH_PATHS = (
					"$(inherited)",
					"@executable_path/Frameworks",
					"@loader_path/Frameworks",
				);
				PRODUCT_BUNDLE_IDENTIFIER = com.IDGHOLDINGS.ICLEduTests;
				PRODUCT_NAME = "$(TARGET_NAME)";
				SWIFT_VERSION = 5.0;
				TARGETED_DEVICE_FAMILY = "1,2";
				TEST_HOST = "$(BUILT_PRODUCTS_DIR)/ICLEdu.app/ICLEdu";
			};
			name = Release;
		};
/* End XCBuildConfiguration section */

/* Begin XCConfigurationList section */
		6C5952A6233350C000515B62 /* Build configuration list for PBXProject "ICLEdu" */ = {
			isa = XCConfigurationList;
			buildConfigurations = (
				6C5952C6233350C100515B62 /* Debug */,
				6C5952C7233350C100515B62 /* Release */,
			);
			defaultConfigurationIsVisible = 0;
			defaultConfigurationName = Release;
		};
		6C5952C8233350C100515B62 /* Build configuration list for PBXNativeTarget "ICLEdu" */ = {
			isa = XCConfigurationList;
			buildConfigurations = (
				6C5952C9233350C100515B62 /* Debug */,
				6C5952CA233350C100515B62 /* Release */,
			);
			defaultConfigurationIsVisible = 0;
			defaultConfigurationName = Release;
		};
		6C5952CB233350C100515B62 /* Build configuration list for PBXNativeTarget "ICLEduTests" */ = {
			isa = XCConfigurationList;
			buildConfigurations = (
				6C5952CC233350C100515B62 /* Debug */,
				6C5952CD233350C100515B62 /* Release */,
			);
			defaultConfigurationIsVisible = 0;
			defaultConfigurationName = Release;
		};
/* End XCConfigurationList section */
	};
	rootObject = 6C5952A3233350C000515B62 /* Project object */;
}
