// !$*UTF8*$!
{
	archiveVersion = 1;
	classes = {
	};
	objectVersion = 51;
	objects = {

/* Begin PBXBuildFile section */
		482BBBA7C0B8A7AFA955ADC5 /* Pods_ICLEdu.framework in Frameworks */ = {isa = PBXBuildFile; fileRef = 5335EDD87122537728C72CCE /* Pods_ICLEdu.framework */; };
		6C0DF43B2334D1980056A094 /* VocabularyController.storyboard in Resources */ = {isa = PBXBuildFile; fileRef = 6C0DF43A2334D1980056A094 /* VocabularyController.storyboard */; };
		6C0DF43D2334D9E40056A094 /* VocabularyViewController.swift in Sources */ = {isa = PBXBuildFile; fileRef = 6C0DF43C2334D9E40056A094 /* VocabularyViewController.swift */; };
		6C0DF4482334DAFF0056A094 /* LessonViewController.swift in Sources */ = {isa = PBXBuildFile; fileRef = 6C0DF4472334DAFF0056A094 /* LessonViewController.swift */; };
		6C0DF45123385F050056A094 /* LessonCell.swift in Sources */ = {isa = PBXBuildFile; fileRef = 6C0DF44F23385F050056A094 /* LessonCell.swift */; };
		6C0DF45223385F050056A094 /* LessonCell.xib in Resources */ = {isa = PBXBuildFile; fileRef = 6C0DF45023385F050056A094 /* LessonCell.xib */; };
		6C0DF4652339BAC90056A094 /* NavCell.swift in Sources */ = {isa = PBXBuildFile; fileRef = 6C0DF4632339BAC90056A094 /* NavCell.swift */; };
		6C0DF4662339BAC90056A094 /* NavCell.xib in Resources */ = {isa = PBXBuildFile; fileRef = 6C0DF4642339BAC90056A094 /* NavCell.xib */; };
		6C43C89323348F5800230882 /* ViewExtension.swift in Sources */ = {isa = PBXBuildFile; fileRef = 6C43C89123348F5800230882 /* ViewExtension.swift */; };
		6C5952AF233350C000515B62 /* AppDelegate.swift in Sources */ = {isa = PBXBuildFile; fileRef = 6C5952AE233350C000515B62 /* AppDelegate.swift */; };
		6C5952B6233350C100515B62 /* Assets.xcassets in Resources */ = {isa = PBXBuildFile; fileRef = 6C5952B5233350C100515B62 /* Assets.xcassets */; };
		6C5952B9233350C100515B62 /* LaunchScreen.storyboard in Resources */ = {isa = PBXBuildFile; fileRef = 6C5952B7233350C100515B62 /* LaunchScreen.storyboard */; };
		6C5952C4233350C100515B62 /* ICLEduTests.swift in Sources */ = {isa = PBXBuildFile; fileRef = 6C5952C3233350C100515B62 /* ICLEduTests.swift */; };
		6CB39CC5233BA9340098A363 /* CardCell.swift in Sources */ = {isa = PBXBuildFile; fileRef = 6CB39CC3233BA9340098A363 /* CardCell.swift */; };
		6CB39CC6233BA9340098A363 /* CardCell.xib in Resources */ = {isa = PBXBuildFile; fileRef = 6CB39CC4233BA9340098A363 /* CardCell.xib */; };
		6CB39CEC233DB4970098A363 /* LinearProgressView.swift in Sources */ = {isa = PBXBuildFile; fileRef = 6CB39CEB233DB4970098A363 /* LinearProgressView.swift */; };
		6CB39D18233DF10B0098A363 /* VocabularyPresenter.swift in Sources */ = {isa = PBXBuildFile; fileRef = 6CB39D17233DF10B0098A363 /* VocabularyPresenter.swift */; };
		6CDEB902233A036000420ABE /* RegisterViewController.swift in Sources */ = {isa = PBXBuildFile; fileRef = 6CDEB901233A036000420ABE /* RegisterViewController.swift */; };
		6CDEB904233A037700420ABE /* RegisterController.storyboard in Resources */ = {isa = PBXBuildFile; fileRef = 6CDEB903233A037700420ABE /* RegisterController.storyboard */; };
		6CDEB914233A175500420ABE /* ColorExtension.swift in Sources */ = {isa = PBXBuildFile; fileRef = 6CDEB913233A175500420ABE /* ColorExtension.swift */; };
		880B122F2359AE8D006EB665 /* VocabularyModel.swift in Sources */ = {isa = PBXBuildFile; fileRef = 880B122E2359AE8D006EB665 /* VocabularyModel.swift */; };
		88105FFE2350430C004E56FC /* RegisterModel.swift in Sources */ = {isa = PBXBuildFile; fileRef = 88105FFD2350430C004E56FC /* RegisterModel.swift */; };
		881A587D234CA06700CD23E0 /* BubbleTabBar.swift in Sources */ = {isa = PBXBuildFile; fileRef = 881A587A234CA06600CD23E0 /* BubbleTabBar.swift */; };
		881A587E234CA06700CD23E0 /* BubbleTabBarController.swift in Sources */ = {isa = PBXBuildFile; fileRef = 881A587B234CA06600CD23E0 /* BubbleTabBarController.swift */; };
		881A587F234CA06700CD23E0 /* CBTabBarButton.swift in Sources */ = {isa = PBXBuildFile; fileRef = 881A587C234CA06600CD23E0 /* CBTabBarButton.swift */; };
		881A5881234CA09100CD23E0 /* BubbleTabBar.framework in Frameworks */ = {isa = PBXBuildFile; fileRef = 881A5880234CA09100CD23E0 /* BubbleTabBar.framework */; };
		881A5882234CA09100CD23E0 /* BubbleTabBar.framework in Embed Frameworks */ = {isa = PBXBuildFile; fileRef = 881A5880234CA09100CD23E0 /* BubbleTabBar.framework */; settings = {ATTRIBUTES = (CodeSignOnCopy, RemoveHeadersOnCopy, ); }; };
		881A5887234CA22400CD23E0 /* TabbarController.storyboard in Resources */ = {isa = PBXBuildFile; fileRef = 881A5886234CA22400CD23E0 /* TabbarController.storyboard */; };
		881B4592234CCFAC00BE321B /* ProcessCell.swift in Sources */ = {isa = PBXBuildFile; fileRef = 881B4590234CCFAC00BE321B /* ProcessCell.swift */; };
		881B4593234CCFAC00BE321B /* ProcessCell.xib in Resources */ = {isa = PBXBuildFile; fileRef = 881B4591234CCFAC00BE321B /* ProcessCell.xib */; };
		881B459B234DDF4000BE321B /* NoteCell.swift in Sources */ = {isa = PBXBuildFile; fileRef = 881B4599234DDF4000BE321B /* NoteCell.swift */; };
		881B459C234DDF4000BE321B /* NoteCell.xib in Resources */ = {isa = PBXBuildFile; fileRef = 881B459A234DDF4000BE321B /* NoteCell.xib */; };
		881B45A0234F06A800BE321B /* LoginFBModel.swift in Sources */ = {isa = PBXBuildFile; fileRef = 881B459F234F06A800BE321B /* LoginFBModel.swift */; };
		881B45A7234F0A4400BE321B /* PresenterLogin.swift in Sources */ = {isa = PBXBuildFile; fileRef = 881B45A6234F0A4400BE321B /* PresenterLogin.swift */; };
		881DBAB32358278700715AB9 /* MainStoryboard.storyboard in Resources */ = {isa = PBXBuildFile; fileRef = 881DBAB22358278700715AB9 /* MainStoryboard.storyboard */; };
		881DBAB5235827A000715AB9 /* ViewController.swift in Sources */ = {isa = PBXBuildFile; fileRef = 881DBAB4235827A000715AB9 /* ViewController.swift */; };
		881DBAB72358408300715AB9 /* APIRequest.swift in Sources */ = {isa = PBXBuildFile; fileRef = 881DBAB62358408300715AB9 /* APIRequest.swift */; };
		881DBABB2358D18D00715AB9 /* MenuCell.swift in Sources */ = {isa = PBXBuildFile; fileRef = 881DBAB92358D18D00715AB9 /* MenuCell.swift */; };
		881DBABC2358D18D00715AB9 /* MenuCell.xib in Resources */ = {isa = PBXBuildFile; fileRef = 881DBABA2358D18D00715AB9 /* MenuCell.xib */; };
		881DBABF2358D3D500715AB9 /* MenuViewController.swift in Sources */ = {isa = PBXBuildFile; fileRef = 881DBABE2358D3D400715AB9 /* MenuViewController.swift */; };
		8824A1EE235C221600E5A293 /* VocabularyCell.xib in Resources */ = {isa = PBXBuildFile; fileRef = 8824A1EC235C221600E5A293 /* VocabularyCell.xib */; };
		8824A1EF235C221600E5A293 /* VocabularyCell.swift in Sources */ = {isa = PBXBuildFile; fileRef = 8824A1ED235C221600E5A293 /* VocabularyCell.swift */; };
		883ACFCF236182F40025AC67 /* ProfileCell.swift in Sources */ = {isa = PBXBuildFile; fileRef = 883ACFCD236182F40025AC67 /* ProfileCell.swift */; };
		883ACFD0236182F40025AC67 /* ProfileCell.xib in Resources */ = {isa = PBXBuildFile; fileRef = 883ACFCE236182F40025AC67 /* ProfileCell.xib */; };
		883ACFD2236185340025AC67 /* ProfileViewController.swift in Sources */ = {isa = PBXBuildFile; fileRef = 883ACFD1236185340025AC67 /* ProfileViewController.swift */; };
		883ACFD423618BB30025AC67 /* PresenterProfile.swift in Sources */ = {isa = PBXBuildFile; fileRef = 883ACFD323618BB30025AC67 /* PresenterProfile.swift */; };
		883F019723563444007FAD5B /* ProfileController.storyboard in Resources */ = {isa = PBXBuildFile; fileRef = 883F019623563444007FAD5B /* ProfileController.storyboard */; };
		8888DD042369853300EFF1E7 /* PracticeViewController.swift in Sources */ = {isa = PBXBuildFile; fileRef = 8888DD032369853300EFF1E7 /* PracticeViewController.swift */; };
		8888DD0623698C3500EFF1E7 /* PresenterPractice.swift in Sources */ = {isa = PBXBuildFile; fileRef = 8888DD0523698C3500EFF1E7 /* PresenterPractice.swift */; };
		8888DD0923698E4E00EFF1E7 /* ShareReference.swift in Sources */ = {isa = PBXBuildFile; fileRef = 8888DD0823698E4E00EFF1E7 /* ShareReference.swift */; };
		88A9C08E2345DB77002A65F4 /* LoginController.storyboard in Resources */ = {isa = PBXBuildFile; fileRef = 88A9C08D2345DB77002A65F4 /* LoginController.storyboard */; };
		88A9C0902345E6D3002A65F4 /* LoginViewController.swift in Sources */ = {isa = PBXBuildFile; fileRef = 88A9C08F2345E6D3002A65F4 /* LoginViewController.swift */; };
		88C55FA12360B39800B30C66 /* PresenterMenu.swift in Sources */ = {isa = PBXBuildFile; fileRef = 88C55FA02360B39800B30C66 /* PresenterMenu.swift */; };
		88C71699235705FC008B9116 /* LessonModel.swift in Sources */ = {isa = PBXBuildFile; fileRef = 88C71698235705FC008B9116 /* LessonModel.swift */; };
		88C7169E235707F6008B9116 /* PresenterLesson.swift in Sources */ = {isa = PBXBuildFile; fileRef = 88C7169D235707F6008B9116 /* PresenterLesson.swift */; };
		88D63991236058B20008C529 /* SwiftNotice.swift in Sources */ = {isa = PBXBuildFile; fileRef = 88D63990236058B10008C529 /* SwiftNotice.swift */; };
		88D92CC22351B1CC000A299A /* ProfileModel.swift in Sources */ = {isa = PBXBuildFile; fileRef = 88D92CC12351B1CC000A299A /* ProfileModel.swift */; };
		88DCB72D2344517D004DF4C2 /* PresenterRegister.swift in Sources */ = {isa = PBXBuildFile; fileRef = 88DCB72C2344517D004DF4C2 /* PresenterRegister.swift */; };
		D50E4974CB20813462F4AACC /* Pods_ICLEduTests.framework in Frameworks */ = {isa = PBXBuildFile; fileRef = E91767D1E209C55370D77754 /* Pods_ICLEduTests.framework */; };
/* End PBXBuildFile section */

/* Begin PBXContainerItemProxy section */
		6C5952C0233350C100515B62 /* PBXContainerItemProxy */ = {
			isa = PBXContainerItemProxy;
			containerPortal = 6C5952A3233350C000515B62 /* Project object */;
			proxyType = 1;
			remoteGlobalIDString = 6C5952AA233350C000515B62;
			remoteInfo = ICLEdu;
		};
/* End PBXContainerItemProxy section */

/* Begin PBXCopyFilesBuildPhase section */
		881A5883234CA09100CD23E0 /* Embed Frameworks */ = {
			isa = PBXCopyFilesBuildPhase;
			buildActionMask = 2147483647;
			dstPath = "";
			dstSubfolderSpec = 10;
			files = (
				881A5882234CA09100CD23E0 /* BubbleTabBar.framework in Embed Frameworks */,
			);
			name = "Embed Frameworks";
			runOnlyForDeploymentPostprocessing = 0;
		};
/* End PBXCopyFilesBuildPhase section */

/* Begin PBXFileReference section */
		2F4A356827C6357FBC0D7A99 /* Pods-ICLEduTests.release.xcconfig */ = {isa = PBXFileReference; includeInIndex = 1; lastKnownFileType = text.xcconfig; name = "Pods-ICLEduTests.release.xcconfig"; path = "Target Support Files/Pods-ICLEduTests/Pods-ICLEduTests.release.xcconfig"; sourceTree = "<group>"; };
		4D8032B96284BA667232B6C4 /* Pods-ICLEdu.debug.xcconfig */ = {isa = PBXFileReference; includeInIndex = 1; lastKnownFileType = text.xcconfig; name = "Pods-ICLEdu.debug.xcconfig"; path = "Target Support Files/Pods-ICLEdu/Pods-ICLEdu.debug.xcconfig"; sourceTree = "<group>"; };
		5335EDD87122537728C72CCE /* Pods_ICLEdu.framework */ = {isa = PBXFileReference; explicitFileType = wrapper.framework; includeInIndex = 0; path = Pods_ICLEdu.framework; sourceTree = BUILT_PRODUCTS_DIR; };
		6C0DF43A2334D1980056A094 /* VocabularyController.storyboard */ = {isa = PBXFileReference; lastKnownFileType = file.storyboard; path = VocabularyController.storyboard; sourceTree = "<group>"; };
		6C0DF43C2334D9E40056A094 /* VocabularyViewController.swift */ = {isa = PBXFileReference; lastKnownFileType = sourcecode.swift; path = VocabularyViewController.swift; sourceTree = "<group>"; };
		6C0DF4472334DAFF0056A094 /* LessonViewController.swift */ = {isa = PBXFileReference; lastKnownFileType = sourcecode.swift; path = LessonViewController.swift; sourceTree = "<group>"; };
		6C0DF44F23385F050056A094 /* LessonCell.swift */ = {isa = PBXFileReference; lastKnownFileType = sourcecode.swift; path = LessonCell.swift; sourceTree = "<group>"; };
		6C0DF45023385F050056A094 /* LessonCell.xib */ = {isa = PBXFileReference; lastKnownFileType = file.xib; path = LessonCell.xib; sourceTree = "<group>"; };
		6C0DF4632339BAC90056A094 /* NavCell.swift */ = {isa = PBXFileReference; lastKnownFileType = sourcecode.swift; path = NavCell.swift; sourceTree = "<group>"; };
		6C0DF4642339BAC90056A094 /* NavCell.xib */ = {isa = PBXFileReference; lastKnownFileType = file.xib; path = NavCell.xib; sourceTree = "<group>"; };
		6C43C89123348F5800230882 /* ViewExtension.swift */ = {isa = PBXFileReference; fileEncoding = 4; lastKnownFileType = sourcecode.swift; path = ViewExtension.swift; sourceTree = "<group>"; };
		6C5952AB233350C000515B62 /* ILC Edu.app */ = {isa = PBXFileReference; explicitFileType = wrapper.application; includeInIndex = 0; path = "ILC Edu.app"; sourceTree = BUILT_PRODUCTS_DIR; };
		6C5952AE233350C000515B62 /* AppDelegate.swift */ = {isa = PBXFileReference; lastKnownFileType = sourcecode.swift; path = AppDelegate.swift; sourceTree = "<group>"; };
		6C5952B5233350C100515B62 /* Assets.xcassets */ = {isa = PBXFileReference; lastKnownFileType = folder.assetcatalog; path = Assets.xcassets; sourceTree = "<group>"; };
		6C5952B8233350C100515B62 /* Base */ = {isa = PBXFileReference; lastKnownFileType = file.storyboard; name = Base; path = Base.lproj/LaunchScreen.storyboard; sourceTree = "<group>"; };
		6C5952BA233350C100515B62 /* Info.plist */ = {isa = PBXFileReference; lastKnownFileType = text.plist.xml; path = Info.plist; sourceTree = "<group>"; };
		6C5952BF233350C100515B62 /* ICLEduTests.xctest */ = {isa = PBXFileReference; explicitFileType = wrapper.cfbundle; includeInIndex = 0; path = ICLEduTests.xctest; sourceTree = BUILT_PRODUCTS_DIR; };
		6C5952C3233350C100515B62 /* ICLEduTests.swift */ = {isa = PBXFileReference; lastKnownFileType = sourcecode.swift; path = ICLEduTests.swift; sourceTree = "<group>"; };
		6C5952C5233350C100515B62 /* Info.plist */ = {isa = PBXFileReference; lastKnownFileType = text.plist.xml; path = Info.plist; sourceTree = "<group>"; };
		6CB39CC3233BA9340098A363 /* CardCell.swift */ = {isa = PBXFileReference; lastKnownFileType = sourcecode.swift; path = CardCell.swift; sourceTree = "<group>"; };
		6CB39CC4233BA9340098A363 /* CardCell.xib */ = {isa = PBXFileReference; lastKnownFileType = file.xib; path = CardCell.xib; sourceTree = "<group>"; };
		6CB39CEB233DB4970098A363 /* LinearProgressView.swift */ = {isa = PBXFileReference; lastKnownFileType = sourcecode.swift; path = LinearProgressView.swift; sourceTree = "<group>"; };
		6CB39D17233DF10B0098A363 /* VocabularyPresenter.swift */ = {isa = PBXFileReference; lastKnownFileType = sourcecode.swift; path = VocabularyPresenter.swift; sourceTree = "<group>"; };
		6CDEB901233A036000420ABE /* RegisterViewController.swift */ = {isa = PBXFileReference; lastKnownFileType = sourcecode.swift; path = RegisterViewController.swift; sourceTree = "<group>"; };
		6CDEB903233A037700420ABE /* RegisterController.storyboard */ = {isa = PBXFileReference; lastKnownFileType = file.storyboard; path = RegisterController.storyboard; sourceTree = "<group>"; };
		6CDEB913233A175500420ABE /* ColorExtension.swift */ = {isa = PBXFileReference; lastKnownFileType = sourcecode.swift; path = ColorExtension.swift; sourceTree = "<group>"; };
		6E3A27F1B1789C3E493A9E4B /* Pods-ICLEduTests.debug.xcconfig */ = {isa = PBXFileReference; includeInIndex = 1; lastKnownFileType = text.xcconfig; name = "Pods-ICLEduTests.debug.xcconfig"; path = "Target Support Files/Pods-ICLEduTests/Pods-ICLEduTests.debug.xcconfig"; sourceTree = "<group>"; };
		7E53901940DC13FDAADC0166 /* Pods-ICLEdu.release.xcconfig */ = {isa = PBXFileReference; includeInIndex = 1; lastKnownFileType = text.xcconfig; name = "Pods-ICLEdu.release.xcconfig"; path = "Target Support Files/Pods-ICLEdu/Pods-ICLEdu.release.xcconfig"; sourceTree = "<group>"; };
		880B122E2359AE8D006EB665 /* VocabularyModel.swift */ = {isa = PBXFileReference; lastKnownFileType = sourcecode.swift; path = VocabularyModel.swift; sourceTree = "<group>"; };
		88105FFD2350430C004E56FC /* RegisterModel.swift */ = {isa = PBXFileReference; lastKnownFileType = sourcecode.swift; path = RegisterModel.swift; sourceTree = "<group>"; };
		881A587A234CA06600CD23E0 /* BubbleTabBar.swift */ = {isa = PBXFileReference; fileEncoding = 4; lastKnownFileType = sourcecode.swift; name = BubbleTabBar.swift; path = "Carthage/Checkouts/bubble-icon-tabbar/BubbleTabBar/Classes/BubbleTabBar.swift"; sourceTree = SOURCE_ROOT; };
		881A587B234CA06600CD23E0 /* BubbleTabBarController.swift */ = {isa = PBXFileReference; fileEncoding = 4; lastKnownFileType = sourcecode.swift; name = BubbleTabBarController.swift; path = "Carthage/Checkouts/bubble-icon-tabbar/BubbleTabBar/Classes/BubbleTabBarController.swift"; sourceTree = SOURCE_ROOT; };
		881A587C234CA06600CD23E0 /* CBTabBarButton.swift */ = {isa = PBXFileReference; fileEncoding = 4; lastKnownFileType = sourcecode.swift; name = CBTabBarButton.swift; path = "Carthage/Checkouts/bubble-icon-tabbar/BubbleTabBar/Classes/CBTabBarButton.swift"; sourceTree = SOURCE_ROOT; };
		881A5880234CA09100CD23E0 /* BubbleTabBar.framework */ = {isa = PBXFileReference; lastKnownFileType = wrapper.framework; name = BubbleTabBar.framework; path = Carthage/Build/iOS/BubbleTabBar.framework; sourceTree = "<group>"; };
		881A5886234CA22400CD23E0 /* TabbarController.storyboard */ = {isa = PBXFileReference; lastKnownFileType = file.storyboard; path = TabbarController.storyboard; sourceTree = "<group>"; };
		881B4590234CCFAC00BE321B /* ProcessCell.swift */ = {isa = PBXFileReference; lastKnownFileType = sourcecode.swift; path = ProcessCell.swift; sourceTree = "<group>"; };
		881B4591234CCFAC00BE321B /* ProcessCell.xib */ = {isa = PBXFileReference; lastKnownFileType = file.xib; path = ProcessCell.xib; sourceTree = "<group>"; };
		881B4599234DDF4000BE321B /* NoteCell.swift */ = {isa = PBXFileReference; lastKnownFileType = sourcecode.swift; path = NoteCell.swift; sourceTree = "<group>"; };
		881B459A234DDF4000BE321B /* NoteCell.xib */ = {isa = PBXFileReference; lastKnownFileType = file.xib; path = NoteCell.xib; sourceTree = "<group>"; };
		881B459F234F06A800BE321B /* LoginFBModel.swift */ = {isa = PBXFileReference; lastKnownFileType = sourcecode.swift; path = LoginFBModel.swift; sourceTree = "<group>"; };
		881B45A6234F0A4400BE321B /* PresenterLogin.swift */ = {isa = PBXFileReference; lastKnownFileType = sourcecode.swift; path = PresenterLogin.swift; sourceTree = "<group>"; };
		881DBAB22358278700715AB9 /* MainStoryboard.storyboard */ = {isa = PBXFileReference; lastKnownFileType = file.storyboard; path = MainStoryboard.storyboard; sourceTree = "<group>"; };
		881DBAB4235827A000715AB9 /* ViewController.swift */ = {isa = PBXFileReference; lastKnownFileType = sourcecode.swift; path = ViewController.swift; sourceTree = "<group>"; };
		881DBAB62358408300715AB9 /* APIRequest.swift */ = {isa = PBXFileReference; lastKnownFileType = sourcecode.swift; path = APIRequest.swift; sourceTree = "<group>"; };
		881DBAB92358D18D00715AB9 /* MenuCell.swift */ = {isa = PBXFileReference; lastKnownFileType = sourcecode.swift; path = MenuCell.swift; sourceTree = "<group>"; };
		881DBABA2358D18D00715AB9 /* MenuCell.xib */ = {isa = PBXFileReference; lastKnownFileType = file.xib; path = MenuCell.xib; sourceTree = "<group>"; };
		881DBABE2358D3D400715AB9 /* MenuViewController.swift */ = {isa = PBXFileReference; lastKnownFileType = sourcecode.swift; path = MenuViewController.swift; sourceTree = "<group>"; };
		8824A1EC235C221600E5A293 /* VocabularyCell.xib */ = {isa = PBXFileReference; fileEncoding = 4; lastKnownFileType = file.xib; path = VocabularyCell.xib; sourceTree = "<group>"; };
		8824A1ED235C221600E5A293 /* VocabularyCell.swift */ = {isa = PBXFileReference; fileEncoding = 4; lastKnownFileType = sourcecode.swift; path = VocabularyCell.swift; sourceTree = "<group>"; };
		883ACFCD236182F40025AC67 /* ProfileCell.swift */ = {isa = PBXFileReference; lastKnownFileType = sourcecode.swift; path = ProfileCell.swift; sourceTree = "<group>"; };
		883ACFCE236182F40025AC67 /* ProfileCell.xib */ = {isa = PBXFileReference; lastKnownFileType = file.xib; path = ProfileCell.xib; sourceTree = "<group>"; };
		883ACFD1236185340025AC67 /* ProfileViewController.swift */ = {isa = PBXFileReference; lastKnownFileType = sourcecode.swift; path = ProfileViewController.swift; sourceTree = "<group>"; };
		883ACFD323618BB30025AC67 /* PresenterProfile.swift */ = {isa = PBXFileReference; lastKnownFileType = sourcecode.swift; path = PresenterProfile.swift; sourceTree = "<group>"; };
		883F019623563444007FAD5B /* ProfileController.storyboard */ = {isa = PBXFileReference; lastKnownFileType = file.storyboard; path = ProfileController.storyboard; sourceTree = "<group>"; };
		8888DD032369853300EFF1E7 /* PracticeViewController.swift */ = {isa = PBXFileReference; lastKnownFileType = sourcecode.swift; path = PracticeViewController.swift; sourceTree = "<group>"; };
		8888DD0523698C3500EFF1E7 /* PresenterPractice.swift */ = {isa = PBXFileReference; lastKnownFileType = sourcecode.swift; path = PresenterPractice.swift; sourceTree = "<group>"; };
		8888DD0823698E4E00EFF1E7 /* ShareReference.swift */ = {isa = PBXFileReference; lastKnownFileType = sourcecode.swift; path = ShareReference.swift; sourceTree = "<group>"; };
		88A9C08D2345DB77002A65F4 /* LoginController.storyboard */ = {isa = PBXFileReference; lastKnownFileType = file.storyboard; path = LoginController.storyboard; sourceTree = "<group>"; };
		88A9C08F2345E6D3002A65F4 /* LoginViewController.swift */ = {isa = PBXFileReference; lastKnownFileType = sourcecode.swift; path = LoginViewController.swift; sourceTree = "<group>"; };
		88C55FA02360B39800B30C66 /* PresenterMenu.swift */ = {isa = PBXFileReference; lastKnownFileType = sourcecode.swift; path = PresenterMenu.swift; sourceTree = "<group>"; };
		88C71698235705FC008B9116 /* LessonModel.swift */ = {isa = PBXFileReference; lastKnownFileType = sourcecode.swift; path = LessonModel.swift; sourceTree = "<group>"; };
		88C7169D235707F6008B9116 /* PresenterLesson.swift */ = {isa = PBXFileReference; lastKnownFileType = sourcecode.swift; path = PresenterLesson.swift; sourceTree = "<group>"; };
		88D63990236058B10008C529 /* SwiftNotice.swift */ = {isa = PBXFileReference; fileEncoding = 4; lastKnownFileType = sourcecode.swift; path = SwiftNotice.swift; sourceTree = "<group>"; };
		88D92CC12351B1CC000A299A /* ProfileModel.swift */ = {isa = PBXFileReference; lastKnownFileType = sourcecode.swift; path = ProfileModel.swift; sourceTree = "<group>"; };
		88DCB72C2344517D004DF4C2 /* PresenterRegister.swift */ = {isa = PBXFileReference; lastKnownFileType = sourcecode.swift; path = PresenterRegister.swift; sourceTree = "<group>"; };
		E91767D1E209C55370D77754 /* Pods_ICLEduTests.framework */ = {isa = PBXFileReference; explicitFileType = wrapper.framework; includeInIndex = 0; path = Pods_ICLEduTests.framework; sourceTree = BUILT_PRODUCTS_DIR; };
/* End PBXFileReference section */

/* Begin PBXFrameworksBuildPhase section */
		6C5952A8233350C000515B62 /* Frameworks */ = {
			isa = PBXFrameworksBuildPhase;
			buildActionMask = 2147483647;
			files = (
				881A5881234CA09100CD23E0 /* BubbleTabBar.framework in Frameworks */,
				482BBBA7C0B8A7AFA955ADC5 /* Pods_ICLEdu.framework in Frameworks */,
			);
			runOnlyForDeploymentPostprocessing = 0;
		};
		6C5952BC233350C100515B62 /* Frameworks */ = {
			isa = PBXFrameworksBuildPhase;
			buildActionMask = 2147483647;
			files = (
				D50E4974CB20813462F4AACC /* Pods_ICLEduTests.framework in Frameworks */,
			);
			runOnlyForDeploymentPostprocessing = 0;
		};
/* End PBXFrameworksBuildPhase section */

/* Begin PBXGroup section */
		0EC7E5F56C251CC6EDB72525 /* Pods */ = {
			isa = PBXGroup;
			children = (
				4D8032B96284BA667232B6C4 /* Pods-ICLEdu.debug.xcconfig */,
				7E53901940DC13FDAADC0166 /* Pods-ICLEdu.release.xcconfig */,
				6E3A27F1B1789C3E493A9E4B /* Pods-ICLEduTests.debug.xcconfig */,
				2F4A356827C6357FBC0D7A99 /* Pods-ICLEduTests.release.xcconfig */,
			);
			path = Pods;
			sourceTree = "<group>";
		};
		253C7324512EACB301CFAD35 /* Frameworks */ = {
			isa = PBXGroup;
			children = (
				881A5880234CA09100CD23E0 /* BubbleTabBar.framework */,
				5335EDD87122537728C72CCE /* Pods_ICLEdu.framework */,
				E91767D1E209C55370D77754 /* Pods_ICLEduTests.framework */,
			);
			name = Frameworks;
			sourceTree = "<group>";
		};
		6C0DF4392334D1800056A094 /* Vocabulary */ = {
			isa = PBXGroup;
			children = (
				6C0DF43A2334D1980056A094 /* VocabularyController.storyboard */,
				6C0DF43C2334D9E40056A094 /* VocabularyViewController.swift */,
				6CB39D17233DF10B0098A363 /* VocabularyPresenter.swift */,
			);
			path = Vocabulary;
			sourceTree = "<group>";
		};
		6C0DF4422334DAA70056A094 /* Lesson */ = {
			isa = PBXGroup;
			children = (
				6C0DF4472334DAFF0056A094 /* LessonViewController.swift */,
				88C7169D235707F6008B9116 /* PresenterLesson.swift */,
			);
			path = Lesson;
			sourceTree = "<group>";
		};
		6C0DF4442334DAD30056A094 /* Profile */ = {
			isa = PBXGroup;
			children = (
				883F019623563444007FAD5B /* ProfileController.storyboard */,
				883ACFD1236185340025AC67 /* ProfileViewController.swift */,
				883ACFD323618BB30025AC67 /* PresenterProfile.swift */,
			);
			path = Profile;
			sourceTree = "<group>";
		};
		6C0DF44B23385E750056A094 /* Components */ = {
			isa = PBXGroup;
			children = (
				6C0DF4622339B9EF0056A094 /* Nav Cell */,
				883ACFCB236182600025AC67 /* ProfileCell */,
				881DBAB82358D17100715AB9 /* Menu Cell */,
				6CDEB915233B184B00420ABE /* Vocabulary Cell */,
				6CDEB905233A0DD100420ABE /* Lesson Cell */,
			);
			path = Components;
			sourceTree = "<group>";
		};
		6C0DF4622339B9EF0056A094 /* Nav Cell */ = {
			isa = PBXGroup;
			children = (
				6C0DF4632339BAC90056A094 /* NavCell.swift */,
				6C0DF4642339BAC90056A094 /* NavCell.xib */,
			);
			path = "Nav Cell";
			sourceTree = "<group>";
		};
		6C43C8942334917200230882 /* Sources */ = {
			isa = PBXGroup;
			children = (
				6C43C898233491B100230882 /* Foundations */,
				6C43C897233491A500230882 /* Network */,
				6C43C8962334919D00230882 /* Models */,
				6C43C8952334919200230882 /* Controllers */,
			);
			path = Sources;
			sourceTree = "<group>";
		};
		6C43C8952334919200230882 /* Controllers */ = {
			isa = PBXGroup;
			children = (
				881DBABD2358D3C400715AB9 /* Menu */,
				6C0DF4442334DAD30056A094 /* Profile */,
				8888DD022369851100EFF1E7 /* Practice */,
				6C0DF4392334D1800056A094 /* Vocabulary */,
				6C0DF4422334DAA70056A094 /* Lesson */,
				881A5885234CA1BC00CD23E0 /* Tabbar */,
				881DBAB12358275A00715AB9 /* Main */,
				6CDEB900233A032300420ABE /* Register */,
				88A9C08C2345DB5B002A65F4 /* Login  */,
			);
			path = Controllers;
			sourceTree = "<group>";
		};
		6C43C8962334919D00230882 /* Models */ = {
			isa = PBXGroup;
			children = (
				880B122D2359AE6D006EB665 /* Vocabulary Model */,
				88D92CBD2351AE0D000A299A /* Profile Model */,
				88C71697235705E6008B9116 /* Lesson Model */,
				88105FFB235042EB004E56FC /* Register Model */,
				881B459D234F065300BE321B /* Login Model */,
			);
			path = Models;
			sourceTree = "<group>";
		};
		6C43C897233491A500230882 /* Network */ = {
			isa = PBXGroup;
			children = (
				881DBAB62358408300715AB9 /* APIRequest.swift */,
			);
			path = Network;
			sourceTree = "<group>";
		};
		6C43C898233491B100230882 /* Foundations */ = {
			isa = PBXGroup;
			children = (
				8888DD0723698CFF00EFF1E7 /* Shared */,
				6C43C89A2334920400230882 /* Extensions */,
				6C0DF44B23385E750056A094 /* Components */,
			);
			path = Foundations;
			sourceTree = "<group>";
		};
		6C43C89A2334920400230882 /* Extensions */ = {
			isa = PBXGroup;
			children = (
				88D63990236058B10008C529 /* SwiftNotice.swift */,
				6C43C89123348F5800230882 /* ViewExtension.swift */,
				6CDEB913233A175500420ABE /* ColorExtension.swift */,
				6CB39CEB233DB4970098A363 /* LinearProgressView.swift */,
			);
			path = Extensions;
			sourceTree = "<group>";
		};
		6C5952A2233350C000515B62 = {
			isa = PBXGroup;
			children = (
				6C5952AD233350C000515B62 /* ICLEdu */,
				6C5952C2233350C100515B62 /* ICLEduTests */,
				6C5952AC233350C000515B62 /* Products */,
				0EC7E5F56C251CC6EDB72525 /* Pods */,
				253C7324512EACB301CFAD35 /* Frameworks */,
			);
			sourceTree = "<group>";
		};
		6C5952AC233350C000515B62 /* Products */ = {
			isa = PBXGroup;
			children = (
				6C5952AB233350C000515B62 /* ILC Edu.app */,
				6C5952BF233350C100515B62 /* ICLEduTests.xctest */,
			);
			name = Products;
			sourceTree = "<group>";
		};
		6C5952AD233350C000515B62 /* ICLEdu */ = {
			isa = PBXGroup;
			children = (
				6C43C8942334917200230882 /* Sources */,
				6C5952AE233350C000515B62 /* AppDelegate.swift */,
				6C5952B5233350C100515B62 /* Assets.xcassets */,
				6C5952B7233350C100515B62 /* LaunchScreen.storyboard */,
				6C5952BA233350C100515B62 /* Info.plist */,
			);
			path = ICLEdu;
			sourceTree = "<group>";
		};
		6C5952C2233350C100515B62 /* ICLEduTests */ = {
			isa = PBXGroup;
			children = (
				6C5952C3233350C100515B62 /* ICLEduTests.swift */,
				6C5952C5233350C100515B62 /* Info.plist */,
			);
			path = ICLEduTests;
			sourceTree = "<group>";
		};
		6CB39CC2233BA90F0098A363 /* CardCell */ = {
			isa = PBXGroup;
			children = (
				6CB39CC3233BA9340098A363 /* CardCell.swift */,
				6CB39CC4233BA9340098A363 /* CardCell.xib */,
			);
			path = CardCell;
			sourceTree = "<group>";
		};
		6CDEB900233A032300420ABE /* Register */ = {
			isa = PBXGroup;
			children = (
				6CDEB903233A037700420ABE /* RegisterController.storyboard */,
				6CDEB901233A036000420ABE /* RegisterViewController.swift */,
				88DCB72C2344517D004DF4C2 /* PresenterRegister.swift */,
			);
			path = Register;
			sourceTree = "<group>";
		};
		6CDEB905233A0DD100420ABE /* Lesson Cell */ = {
			isa = PBXGroup;
			children = (
				6C0DF44F23385F050056A094 /* LessonCell.swift */,
				6C0DF45023385F050056A094 /* LessonCell.xib */,
			);
			path = "Lesson Cell";
			sourceTree = "<group>";
		};
		6CDEB915233B184B00420ABE /* Vocabulary Cell */ = {
			isa = PBXGroup;
			children = (
				8824A1ED235C221600E5A293 /* VocabularyCell.swift */,
				8824A1EC235C221600E5A293 /* VocabularyCell.xib */,
				6CB39CC2233BA90F0098A363 /* CardCell */,
			);
			path = "Vocabulary Cell";
			sourceTree = "<group>";
		};
		880B122D2359AE6D006EB665 /* Vocabulary Model */ = {
			isa = PBXGroup;
			children = (
				880B122E2359AE8D006EB665 /* VocabularyModel.swift */,
			);
			path = "Vocabulary Model";
			sourceTree = "<group>";
		};
		88105FFB235042EB004E56FC /* Register Model */ = {
			isa = PBXGroup;
			children = (
				88105FFD2350430C004E56FC /* RegisterModel.swift */,
			);
			path = "Register Model";
			sourceTree = "<group>";
		};
		881A5870234C925700CD23E0 /* Process Cell */ = {
			isa = PBXGroup;
			children = (
				881B4590234CCFAC00BE321B /* ProcessCell.swift */,
				881B4591234CCFAC00BE321B /* ProcessCell.xib */,
			);
			path = "Process Cell";
			sourceTree = "<group>";
		};
		881A5879234CA05500CD23E0 /* TabbarBubble */ = {
			isa = PBXGroup;
			children = (
				881A587A234CA06600CD23E0 /* BubbleTabBar.swift */,
				881A587B234CA06600CD23E0 /* BubbleTabBarController.swift */,
				881A587C234CA06600CD23E0 /* CBTabBarButton.swift */,
			);
			path = TabbarBubble;
			sourceTree = "<group>";
		};
		881A5885234CA1BC00CD23E0 /* Tabbar */ = {
			isa = PBXGroup;
			children = (
				881A5879234CA05500CD23E0 /* TabbarBubble */,
				881A5886234CA22400CD23E0 /* TabbarController.storyboard */,
			);
			path = Tabbar;
			sourceTree = "<group>";
		};
		881B4596234DDF0800BE321B /* Note Cell */ = {
			isa = PBXGroup;
			children = (
				881B4599234DDF4000BE321B /* NoteCell.swift */,
				881B459A234DDF4000BE321B /* NoteCell.xib */,
			);
			path = "Note Cell";
			sourceTree = "<group>";
		};
		881B459D234F065300BE321B /* Login Model */ = {
			isa = PBXGroup;
			children = (
				881B459F234F06A800BE321B /* LoginFBModel.swift */,
			);
			path = "Login Model";
			sourceTree = "<group>";
		};
		881DBAB12358275A00715AB9 /* Main */ = {
			isa = PBXGroup;
			children = (
				881DBAB22358278700715AB9 /* MainStoryboard.storyboard */,
				881DBAB4235827A000715AB9 /* ViewController.swift */,
			);
			path = Main;
			sourceTree = "<group>";
		};
		881DBAB82358D17100715AB9 /* Menu Cell */ = {
			isa = PBXGroup;
			children = (
				881DBAB92358D18D00715AB9 /* MenuCell.swift */,
				881DBABA2358D18D00715AB9 /* MenuCell.xib */,
			);
			path = "Menu Cell";
			sourceTree = "<group>";
		};
		881DBABD2358D3C400715AB9 /* Menu */ = {
			isa = PBXGroup;
			children = (
				881DBABE2358D3D400715AB9 /* MenuViewController.swift */,
				88C55FA02360B39800B30C66 /* PresenterMenu.swift */,
			);
			path = Menu;
			sourceTree = "<group>";
		};
		883ACFCB236182600025AC67 /* ProfileCell */ = {
			isa = PBXGroup;
			children = (
				883ACFCC236182690025AC67 /* Profile Cell */,
				881A5870234C925700CD23E0 /* Process Cell */,
				881B4596234DDF0800BE321B /* Note Cell */,
			);
			path = ProfileCell;
			sourceTree = "<group>";
		};
		883ACFCC236182690025AC67 /* Profile Cell */ = {
			isa = PBXGroup;
			children = (
				883ACFCD236182F40025AC67 /* ProfileCell.swift */,
				883ACFCE236182F40025AC67 /* ProfileCell.xib */,
			);
			path = "Profile Cell";
			sourceTree = "<group>";
		};
		8888DD022369851100EFF1E7 /* Practice */ = {
			isa = PBXGroup;
			children = (
				8888DD032369853300EFF1E7 /* PracticeViewController.swift */,
				8888DD0523698C3500EFF1E7 /* PresenterPractice.swift */,
			);
			path = Practice;
			sourceTree = "<group>";
		};
		8888DD0723698CFF00EFF1E7 /* Shared */ = {
			isa = PBXGroup;
			children = (
				8888DD0823698E4E00EFF1E7 /* ShareReference.swift */,
			);
			path = Shared;
			sourceTree = "<group>";
		};
		88A9C08C2345DB5B002A65F4 /* Login  */ = {
			isa = PBXGroup;
			children = (
				88A9C08D2345DB77002A65F4 /* LoginController.storyboard */,
				88A9C08F2345E6D3002A65F4 /* LoginViewController.swift */,
				881B45A6234F0A4400BE321B /* PresenterLogin.swift */,
			);
			path = "Login ";
			sourceTree = "<group>";
		};
		88C71697235705E6008B9116 /* Lesson Model */ = {
			isa = PBXGroup;
			children = (
				88C71698235705FC008B9116 /* LessonModel.swift */,
			);
			path = "Lesson Model";
			sourceTree = "<group>";
		};
		88D92CBD2351AE0D000A299A /* Profile Model */ = {
			isa = PBXGroup;
			children = (
				88D92CC12351B1CC000A299A /* ProfileModel.swift */,
			);
			path = "Profile Model";
			sourceTree = "<group>";
		};
/* End PBXGroup section */

/* Begin PBXNativeTarget section */
		6C5952AA233350C000515B62 /* ICLEdu */ = {
			isa = PBXNativeTarget;
			buildConfigurationList = 6C5952C8233350C100515B62 /* Build configuration list for PBXNativeTarget "ICLEdu" */;
			buildPhases = (
				A744CFF9BCFDFEB185369A98 /* [CP] Check Pods Manifest.lock */,
				6C5952A7233350C000515B62 /* Sources */,
				6C5952A8233350C000515B62 /* Frameworks */,
				6C5952A9233350C000515B62 /* Resources */,
				FEA9C04F991E6BB6A6DE51ED /* [CP] Embed Pods Frameworks */,
				881A5883234CA09100CD23E0 /* Embed Frameworks */,
				881A5884234CA09600CD23E0 /* ShellScript */,
			);
			buildRules = (
			);
			dependencies = (
			);
			name = ICLEdu;
			productName = ICLEdu;
			productReference = 6C5952AB233350C000515B62 /* ILC Edu.app */;
			productType = "com.apple.product-type.application";
		};
		6C5952BE233350C100515B62 /* ICLEduTests */ = {
			isa = PBXNativeTarget;
			buildConfigurationList = 6C5952CB233350C100515B62 /* Build configuration list for PBXNativeTarget "ICLEduTests" */;
			buildPhases = (
				E66F8DF369C19778119B2644 /* [CP] Check Pods Manifest.lock */,
				6C5952BB233350C100515B62 /* Sources */,
				6C5952BC233350C100515B62 /* Frameworks */,
				6C5952BD233350C100515B62 /* Resources */,
			);
			buildRules = (
			);
			dependencies = (
				6C5952C1233350C100515B62 /* PBXTargetDependency */,
			);
			name = ICLEduTests;
			productName = ICLEduTests;
			productReference = 6C5952BF233350C100515B62 /* ICLEduTests.xctest */;
			productType = "com.apple.product-type.bundle.unit-test";
		};
/* End PBXNativeTarget section */

/* Begin PBXProject section */
		6C5952A3233350C000515B62 /* Project object */ = {
			isa = PBXProject;
			attributes = {
				LastSwiftUpdateCheck = 1030;
				LastUpgradeCheck = 1030;
				ORGANIZATIONNAME = "Ta Tuan";
				TargetAttributes = {
					6C5952AA233350C000515B62 = {
						CreatedOnToolsVersion = 10.3;
					};
					6C5952BE233350C100515B62 = {
						CreatedOnToolsVersion = 10.3;
						TestTargetID = 6C5952AA233350C000515B62;
					};
				};
			};
			buildConfigurationList = 6C5952A6233350C000515B62 /* Build configuration list for PBXProject "ICLEdu" */;
			compatibilityVersion = "Xcode 9.3";
			developmentRegion = en;
			hasScannedForEncodings = 0;
			knownRegions = (
				en,
				Base,
			);
			mainGroup = 6C5952A2233350C000515B62;
			productRefGroup = 6C5952AC233350C000515B62 /* Products */;
			projectDirPath = "";
			projectRoot = "";
			targets = (
				6C5952AA233350C000515B62 /* ICLEdu */,
				6C5952BE233350C100515B62 /* ICLEduTests */,
			);
		};
/* End PBXProject section */

/* Begin PBXResourcesBuildPhase section */
		6C5952A9233350C000515B62 /* Resources */ = {
			isa = PBXResourcesBuildPhase;
			buildActionMask = 2147483647;
			files = (
				6C0DF43B2334D1980056A094 /* VocabularyController.storyboard in Resources */,
				6C0DF45223385F050056A094 /* LessonCell.xib in Resources */,
				881A5887234CA22400CD23E0 /* TabbarController.storyboard in Resources */,
				881B4593234CCFAC00BE321B /* ProcessCell.xib in Resources */,
				881B459C234DDF4000BE321B /* NoteCell.xib in Resources */,
				883F019723563444007FAD5B /* ProfileController.storyboard in Resources */,
				881DBABC2358D18D00715AB9 /* MenuCell.xib in Resources */,
				6C5952B9233350C100515B62 /* LaunchScreen.storyboard in Resources */,
				6CB39CC6233BA9340098A363 /* CardCell.xib in Resources */,
				88A9C08E2345DB77002A65F4 /* LoginController.storyboard in Resources */,
				6CDEB904233A037700420ABE /* RegisterController.storyboard in Resources */,
				883ACFD0236182F40025AC67 /* ProfileCell.xib in Resources */,
				6C5952B6233350C100515B62 /* Assets.xcassets in Resources */,
				881DBAB32358278700715AB9 /* MainStoryboard.storyboard in Resources */,
				8824A1EE235C221600E5A293 /* VocabularyCell.xib in Resources */,
				6C0DF4662339BAC90056A094 /* NavCell.xib in Resources */,
			);
			runOnlyForDeploymentPostprocessing = 0;
		};
		6C5952BD233350C100515B62 /* Resources */ = {
			isa = PBXResourcesBuildPhase;
			buildActionMask = 2147483647;
			files = (
			);
			runOnlyForDeploymentPostprocessing = 0;
		};
/* End PBXResourcesBuildPhase section */

/* Begin PBXShellScriptBuildPhase section */
		881A5884234CA09600CD23E0 /* ShellScript */ = {
			isa = PBXShellScriptBuildPhase;
			buildActionMask = 2147483647;
			files = (
			);
			inputFileListPaths = (
			);
			inputPaths = (
				"$(SRCROOT)/Carthage/Build/iOS/BubbleTabBar.framework",
			);
			outputFileListPaths = (
			);
			outputPaths = (
			);
			runOnlyForDeploymentPostprocessing = 0;
			shellPath = /bin/sh;
			shellScript = "# Type a script or drag a script file from your workspace to insert its path.\n/usr/local/bin/carthage copy-frameworks\n";
		};
		A744CFF9BCFDFEB185369A98 /* [CP] Check Pods Manifest.lock */ = {
			isa = PBXShellScriptBuildPhase;
			buildActionMask = 2147483647;
			files = (
			);
			inputFileListPaths = (
			);
			inputPaths = (
				"${PODS_PODFILE_DIR_PATH}/Podfile.lock",
				"${PODS_ROOT}/Manifest.lock",
			);
			name = "[CP] Check Pods Manifest.lock";
			outputFileListPaths = (
			);
			outputPaths = (
				"$(DERIVED_FILE_DIR)/Pods-ICLEdu-checkManifestLockResult.txt",
			);
			runOnlyForDeploymentPostprocessing = 0;
			shellPath = /bin/sh;
			shellScript = "diff \"${PODS_PODFILE_DIR_PATH}/Podfile.lock\" \"${PODS_ROOT}/Manifest.lock\" > /dev/null\nif [ $? != 0 ] ; then\n    # print error to STDERR\n    echo \"error: The sandbox is not in sync with the Podfile.lock. Run 'pod install' or update your CocoaPods installation.\" >&2\n    exit 1\nfi\n# This output is used by Xcode 'outputs' to avoid re-running this script phase.\necho \"SUCCESS\" > \"${SCRIPT_OUTPUT_FILE_0}\"\n";
			showEnvVarsInLog = 0;
		};
		E66F8DF369C19778119B2644 /* [CP] Check Pods Manifest.lock */ = {
			isa = PBXShellScriptBuildPhase;
			buildActionMask = 2147483647;
			files = (
			);
			inputFileListPaths = (
			);
			inputPaths = (
				"${PODS_PODFILE_DIR_PATH}/Podfile.lock",
				"${PODS_ROOT}/Manifest.lock",
			);
			name = "[CP] Check Pods Manifest.lock";
			outputFileListPaths = (
			);
			outputPaths = (
				"$(DERIVED_FILE_DIR)/Pods-ICLEduTests-checkManifestLockResult.txt",
			);
			runOnlyForDeploymentPostprocessing = 0;
			shellPath = /bin/sh;
			shellScript = "diff \"${PODS_PODFILE_DIR_PATH}/Podfile.lock\" \"${PODS_ROOT}/Manifest.lock\" > /dev/null\nif [ $? != 0 ] ; then\n    # print error to STDERR\n    echo \"error: The sandbox is not in sync with the Podfile.lock. Run 'pod install' or update your CocoaPods installation.\" >&2\n    exit 1\nfi\n# This output is used by Xcode 'outputs' to avoid re-running this script phase.\necho \"SUCCESS\" > \"${SCRIPT_OUTPUT_FILE_0}\"\n";
			showEnvVarsInLog = 0;
		};
		FEA9C04F991E6BB6A6DE51ED /* [CP] Embed Pods Frameworks */ = {
			isa = PBXShellScriptBuildPhase;
			buildActionMask = 2147483647;
			files = (
			);
			inputFileListPaths = (
				"${PODS_ROOT}/Target Support Files/Pods-ICLEdu/Pods-ICLEdu-frameworks-${CONFIGURATION}-input-files.xcfilelist",
			);
			name = "[CP] Embed Pods Frameworks";
			outputFileListPaths = (
				"${PODS_ROOT}/Target Support Files/Pods-ICLEdu/Pods-ICLEdu-frameworks-${CONFIGURATION}-output-files.xcfilelist",
			);
			runOnlyForDeploymentPostprocessing = 0;
			shellPath = /bin/sh;
			shellScript = "\"${PODS_ROOT}/Target Support Files/Pods-ICLEdu/Pods-ICLEdu-frameworks.sh\"\n";
			showEnvVarsInLog = 0;
		};
/* End PBXShellScriptBuildPhase section */

/* Begin PBXSourcesBuildPhase section */
		6C5952A7233350C000515B62 /* Sources */ = {
			isa = PBXSourcesBuildPhase;
			buildActionMask = 2147483647;
			files = (
				8888DD042369853300EFF1E7 /* PracticeViewController.swift in Sources */,
				881B4592234CCFAC00BE321B /* ProcessCell.swift in Sources */,
				881B459B234DDF4000BE321B /* NoteCell.swift in Sources */,
				881B45A0234F06A800BE321B /* LoginFBModel.swift in Sources */,
				883ACFD2236185340025AC67 /* ProfileViewController.swift in Sources */,
				881DBAB72358408300715AB9 /* APIRequest.swift in Sources */,
				8888DD0923698E4E00EFF1E7 /* ShareReference.swift in Sources */,
				6C5952AF233350C000515B62 /* AppDelegate.swift in Sources */,
				88D63991236058B20008C529 /* SwiftNotice.swift in Sources */,
				6C0DF43D2334D9E40056A094 /* VocabularyViewController.swift in Sources */,
				88D92CC22351B1CC000A299A /* ProfileModel.swift in Sources */,
				88C7169E235707F6008B9116 /* PresenterLesson.swift in Sources */,
				6CB39CEC233DB4970098A363 /* LinearProgressView.swift in Sources */,
				6CDEB914233A175500420ABE /* ColorExtension.swift in Sources */,
				88A9C0902345E6D3002A65F4 /* LoginViewController.swift in Sources */,
				883ACFCF236182F40025AC67 /* ProfileCell.swift in Sources */,
				6C0DF45123385F050056A094 /* LessonCell.swift in Sources */,
				881A587D234CA06700CD23E0 /* BubbleTabBar.swift in Sources */,
				881DBAB5235827A000715AB9 /* ViewController.swift in Sources */,
				6C43C89323348F5800230882 /* ViewExtension.swift in Sources */,
				8888DD0623698C3500EFF1E7 /* PresenterPractice.swift in Sources */,
				883ACFD423618BB30025AC67 /* PresenterProfile.swift in Sources */,
				880B122F2359AE8D006EB665 /* VocabularyModel.swift in Sources */,
				6C0DF4652339BAC90056A094 /* NavCell.swift in Sources */,
				881DBABB2358D18D00715AB9 /* MenuCell.swift in Sources */,
				6CB39D18233DF10B0098A363 /* VocabularyPresenter.swift in Sources */,
				88DCB72D2344517D004DF4C2 /* PresenterRegister.swift in Sources */,
				6CDEB902233A036000420ABE /* RegisterViewController.swift in Sources */,
				881B45A7234F0A4400BE321B /* PresenterLogin.swift in Sources */,
				8824A1EF235C221600E5A293 /* VocabularyCell.swift in Sources */,
				881A587F234CA06700CD23E0 /* CBTabBarButton.swift in Sources */,
				881A587E234CA06700CD23E0 /* BubbleTabBarController.swift in Sources */,
				881DBABF2358D3D500715AB9 /* MenuViewController.swift in Sources */,
				6C0DF4482334DAFF0056A094 /* LessonViewController.swift in Sources */,
				88C55FA12360B39800B30C66 /* PresenterMenu.swift in Sources */,
				6CB39CC5233BA9340098A363 /* CardCell.swift in Sources */,
				88105FFE2350430C004E56FC /* RegisterModel.swift in Sources */,
				88C71699235705FC008B9116 /* LessonModel.swift in Sources */,
			);
			runOnlyForDeploymentPostprocessing = 0;
		};
		6C5952BB233350C100515B62 /* Sources */ = {
			isa = PBXSourcesBuildPhase;
			buildActionMask = 2147483647;
			files = (
				6C5952C4233350C100515B62 /* ICLEduTests.swift in Sources */,
			);
			runOnlyForDeploymentPostprocessing = 0;
		};
/* End PBXSourcesBuildPhase section */

/* Begin PBXTargetDependency section */
		6C5952C1233350C100515B62 /* PBXTargetDependency */ = {
			isa = PBXTargetDependency;
			target = 6C5952AA233350C000515B62 /* ICLEdu */;
			targetProxy = 6C5952C0233350C100515B62 /* PBXContainerItemProxy */;
		};
/* End PBXTargetDependency section */

/* Begin PBXVariantGroup section */
		6C5952B7233350C100515B62 /* LaunchScreen.storyboard */ = {
			isa = PBXVariantGroup;
			children = (
				6C5952B8233350C100515B62 /* Base */,
			);
			name = LaunchScreen.storyboard;
			sourceTree = "<group>";
		};
/* End PBXVariantGroup section */

/* Begin XCBuildConfiguration section */
		6C5952C6233350C100515B62 /* Debug */ = {
			isa = XCBuildConfiguration;
			buildSettings = {
				ALWAYS_SEARCH_USER_PATHS = NO;
				CLANG_ANALYZER_NONNULL = YES;
				CLANG_ANALYZER_NUMBER_OBJECT_CONVERSION = YES_AGGRESSIVE;
				CLANG_CXX_LANGUAGE_STANDARD = "gnu++14";
				CLANG_CXX_LIBRARY = "libc++";
				CLANG_ENABLE_MODULES = YES;
				CLANG_ENABLE_OBJC_ARC = YES;
				CLANG_ENABLE_OBJC_WEAK = YES;
				CLANG_WARN_BLOCK_CAPTURE_AUTORELEASING = YES;
				CLANG_WARN_BOOL_CONVERSION = YES;
				CLANG_WARN_COMMA = YES;
				CLANG_WARN_CONSTANT_CONVERSION = YES;
				CLANG_WARN_DEPRECATED_OBJC_IMPLEMENTATIONS = YES;
				CLANG_WARN_DIRECT_OBJC_ISA_USAGE = YES_ERROR;
				CLANG_WARN_DOCUMENTATION_COMMENTS = YES;
				CLANG_WARN_EMPTY_BODY = YES;
				CLANG_WARN_ENUM_CONVERSION = YES;
				CLANG_WARN_INFINITE_RECURSION = YES;
				CLANG_WARN_INT_CONVERSION = YES;
				CLANG_WARN_NON_LITERAL_NULL_CONVERSION = YES;
				CLANG_WARN_OBJC_IMPLICIT_RETAIN_SELF = YES;
				CLANG_WARN_OBJC_LITERAL_CONVERSION = YES;
				CLANG_WARN_OBJC_ROOT_CLASS = YES_ERROR;
				CLANG_WARN_RANGE_LOOP_ANALYSIS = YES;
				CLANG_WARN_STRICT_PROTOTYPES = YES;
				CLANG_WARN_SUSPICIOUS_MOVE = YES;
				CLANG_WARN_UNGUARDED_AVAILABILITY = YES_AGGRESSIVE;
				CLANG_WARN_UNREACHABLE_CODE = YES;
				CLANG_WARN__DUPLICATE_METHOD_MATCH = YES;
				CODE_SIGN_IDENTITY = "iPhone Developer";
				COPY_PHASE_STRIP = NO;
				DEBUG_INFORMATION_FORMAT = dwarf;
				ENABLE_STRICT_OBJC_MSGSEND = YES;
				ENABLE_TESTABILITY = YES;
				GCC_C_LANGUAGE_STANDARD = gnu11;
				GCC_DYNAMIC_NO_PIC = NO;
				GCC_NO_COMMON_BLOCKS = YES;
				GCC_OPTIMIZATION_LEVEL = 0;
				GCC_PREPROCESSOR_DEFINITIONS = (
					"DEBUG=1",
					"$(inherited)",
				);
				GCC_WARN_64_TO_32_BIT_CONVERSION = YES;
				GCC_WARN_ABOUT_RETURN_TYPE = YES_ERROR;
				GCC_WARN_UNDECLARED_SELECTOR = YES;
				GCC_WARN_UNINITIALIZED_AUTOS = YES_AGGRESSIVE;
				GCC_WARN_UNUSED_FUNCTION = YES;
				GCC_WARN_UNUSED_VARIABLE = YES;
				IPHONEOS_DEPLOYMENT_TARGET = 10.0;
				MTL_ENABLE_DEBUG_INFO = INCLUDE_SOURCE;
				MTL_FAST_MATH = YES;
				ONLY_ACTIVE_ARCH = YES;
				SDKROOT = iphoneos;
				SWIFT_ACTIVE_COMPILATION_CONDITIONS = DEBUG;
				SWIFT_OPTIMIZATION_LEVEL = "-Onone";
			};
			name = Debug;
		};
		6C5952C7233350C100515B62 /* Release */ = {
			isa = XCBuildConfiguration;
			buildSettings = {
				ALWAYS_SEARCH_USER_PATHS = NO;
				CLANG_ANALYZER_NONNULL = YES;
				CLANG_ANALYZER_NUMBER_OBJECT_CONVERSION = YES_AGGRESSIVE;
				CLANG_CXX_LANGUAGE_STANDARD = "gnu++14";
				CLANG_CXX_LIBRARY = "libc++";
				CLANG_ENABLE_MODULES = YES;
				CLANG_ENABLE_OBJC_ARC = YES;
				CLANG_ENABLE_OBJC_WEAK = YES;
				CLANG_WARN_BLOCK_CAPTURE_AUTORELEASING = YES;
				CLANG_WARN_BOOL_CONVERSION = YES;
				CLANG_WARN_COMMA = YES;
				CLANG_WARN_CONSTANT_CONVERSION = YES;
				CLANG_WARN_DEPRECATED_OBJC_IMPLEMENTATIONS = YES;
				CLANG_WARN_DIRECT_OBJC_ISA_USAGE = YES_ERROR;
				CLANG_WARN_DOCUMENTATION_COMMENTS = YES;
				CLANG_WARN_EMPTY_BODY = YES;
				CLANG_WARN_ENUM_CONVERSION = YES;
				CLANG_WARN_INFINITE_RECURSION = YES;
				CLANG_WARN_INT_CONVERSION = YES;
				CLANG_WARN_NON_LITERAL_NULL_CONVERSION = YES;
				CLANG_WARN_OBJC_IMPLICIT_RETAIN_SELF = YES;
				CLANG_WARN_OBJC_LITERAL_CONVERSION = YES;
				CLANG_WARN_OBJC_ROOT_CLASS = YES_ERROR;
				CLANG_WARN_RANGE_LOOP_ANALYSIS = YES;
				CLANG_WARN_STRICT_PROTOTYPES = YES;
				CLANG_WARN_SUSPICIOUS_MOVE = YES;
				CLANG_WARN_UNGUARDED_AVAILABILITY = YES_AGGRESSIVE;
				CLANG_WARN_UNREACHABLE_CODE = YES;
				CLANG_WARN__DUPLICATE_METHOD_MATCH = YES;
				CODE_SIGN_IDENTITY = "iPhone Developer";
				COPY_PHASE_STRIP = NO;
				DEBUG_INFORMATION_FORMAT = "dwarf-with-dsym";
				ENABLE_NS_ASSERTIONS = NO;
				ENABLE_STRICT_OBJC_MSGSEND = YES;
				GCC_C_LANGUAGE_STANDARD = gnu11;
				GCC_NO_COMMON_BLOCKS = YES;
				GCC_WARN_64_TO_32_BIT_CONVERSION = YES;
				GCC_WARN_ABOUT_RETURN_TYPE = YES_ERROR;
				GCC_WARN_UNDECLARED_SELECTOR = YES;
				GCC_WARN_UNINITIALIZED_AUTOS = YES_AGGRESSIVE;
				GCC_WARN_UNUSED_FUNCTION = YES;
				GCC_WARN_UNUSED_VARIABLE = YES;
				IPHONEOS_DEPLOYMENT_TARGET = 10.0;
				MTL_ENABLE_DEBUG_INFO = NO;
				MTL_FAST_MATH = YES;
				SDKROOT = iphoneos;
				SWIFT_COMPILATION_MODE = wholemodule;
				SWIFT_OPTIMIZATION_LEVEL = "-O";
				VALIDATE_PRODUCT = YES;
			};
			name = Release;
		};
		6C5952C9233350C100515B62 /* Debug */ = {
			isa = XCBuildConfiguration;
			baseConfigurationReference = 4D8032B96284BA667232B6C4 /* Pods-ICLEdu.debug.xcconfig */;
			buildSettings = {
				ASSETCATALOG_COMPILER_APPICON_NAME = AppIcon;
				CODE_SIGN_IDENTITY = "Apple Development";
				CODE_SIGN_STYLE = Automatic;
				DEVELOPMENT_TEAM = X8ZJWJYFRT;
				FRAMEWORK_SEARCH_PATHS = (
					"$(inherited)",
					"$(PROJECT_DIR)/Carthage/Build/iOS",
				);
				INFOPLIST_FILE = ICLEdu/Info.plist;
				IPHONEOS_DEPLOYMENT_TARGET = 10.0;
				LD_RUNPATH_SEARCH_PATHS = (
					"$(inherited)",
					"@executable_path/Frameworks",
				);
				MARKETING_VERSION = 1.1;
				PRODUCT_BUNDLE_IDENTIFIER = com.idghodings.ilceducation;
				PRODUCT_NAME = "ILC Edu";
				PROVISIONING_PROFILE_SPECIFIER = "";
				SWIFT_VERSION = 5.0;
				TARGETED_DEVICE_FAMILY = 1;
			};
			name = Debug;
		};
		6C5952CA233350C100515B62 /* Release */ = {
			isa = XCBuildConfiguration;
			baseConfigurationReference = 7E53901940DC13FDAADC0166 /* Pods-ICLEdu.release.xcconfig */;
			buildSettings = {
				ASSETCATALOG_COMPILER_APPICON_NAME = AppIcon;
				CODE_SIGN_IDENTITY = "Apple Development";
				CODE_SIGN_STYLE = Automatic;
				DEVELOPMENT_TEAM = X8ZJWJYFRT;
				FRAMEWORK_SEARCH_PATHS = (
					"$(inherited)",
					"$(PROJECT_DIR)/Carthage/Build/iOS",
				);
				INFOPLIST_FILE = ICLEdu/Info.plist;
				IPHONEOS_DEPLOYMENT_TARGET = 10.0;
				LD_RUNPATH_SEARCH_PATHS = (
					"$(inherited)",
					"@executable_path/Frameworks",
				);
				MARKETING_VERSION = 1.1;
				PRODUCT_BUNDLE_IDENTIFIER = com.idghodings.ilceducation;
				PRODUCT_NAME = "ILC Edu";
				PROVISIONING_PROFILE_SPECIFIER = "";
				SWIFT_VERSION = 5.0;
				TARGETED_DEVICE_FAMILY = 1;
			};
			name = Release;
		};
		6C5952CC233350C100515B62 /* Debug */ = {
			isa = XCBuildConfiguration;
			baseConfigurationReference = 6E3A27F1B1789C3E493A9E4B /* Pods-ICLEduTests.debug.xcconfig */;
			buildSettings = {
				ALWAYS_EMBED_SWIFT_STANDARD_LIBRARIES = YES;
				BUNDLE_LOADER = "$(TEST_HOST)";
				CODE_SIGN_STYLE = Automatic;
				INFOPLIST_FILE = ICLEduTests/Info.plist;
				LD_RUNPATH_SEARCH_PATHS = (
					"$(inherited)",
					"@executable_path/Frameworks",
					"@loader_path/Frameworks",
				);
				PRODUCT_BUNDLE_IDENTIFIER = com.IDGHOLDINGS.ICLEduTests;
				PRODUCT_NAME = "$(TARGET_NAME)";
				SWIFT_VERSION = 5.0;
				TARGETED_DEVICE_FAMILY = "1,2";
				TEST_HOST = "$(BUILT_PRODUCTS_DIR)/ICLEdu.app/ICLEdu";
			};
			name = Debug;
		};
		6C5952CD233350C100515B62 /* Release */ = {
			isa = XCBuildConfiguration;
			baseConfigurationReference = 2F4A356827C6357FBC0D7A99 /* Pods-ICLEduTests.release.xcconfig */;
			buildSettings = {
				ALWAYS_EMBED_SWIFT_STANDARD_LIBRARIES = YES;
				BUNDLE_LOADER = "$(TEST_HOST)";
				CODE_SIGN_STYLE = Automatic;
				INFOPLIST_FILE = ICLEduTests/Info.plist;
				LD_RUNPATH_SEARCH_PATHS = (
					"$(inherited)",
					"@executable_path/Frameworks",
					"@loader_path/Frameworks",
				);
				PRODUCT_BUNDLE_IDENTIFIER = com.IDGHOLDINGS.ICLEduTests;
				PRODUCT_NAME = "$(TARGET_NAME)";
				SWIFT_VERSION = 5.0;
				TARGETED_DEVICE_FAMILY = "1,2";
				TEST_HOST = "$(BUILT_PRODUCTS_DIR)/ICLEdu.app/ICLEdu";
			};
			name = Release;
		};
/* End XCBuildConfiguration section */

/* Begin XCConfigurationList section */
		6C5952A6233350C000515B62 /* Build configuration list for PBXProject "ICLEdu" */ = {
			isa = XCConfigurationList;
			buildConfigurations = (
				6C5952C6233350C100515B62 /* Debug */,
				6C5952C7233350C100515B62 /* Release */,
			);
			defaultConfigurationIsVisible = 0;
			defaultConfigurationName = Release;
		};
		6C5952C8233350C100515B62 /* Build configuration list for PBXNativeTarget "ICLEdu" */ = {
			isa = XCConfigurationList;
			buildConfigurations = (
				6C5952C9233350C100515B62 /* Debug */,
				6C5952CA233350C100515B62 /* Release */,
			);
			defaultConfigurationIsVisible = 0;
			defaultConfigurationName = Release;
		};
		6C5952CB233350C100515B62 /* Build configuration list for PBXNativeTarget "ICLEduTests" */ = {
			isa = XCConfigurationList;
			buildConfigurations = (
				6C5952CC233350C100515B62 /* Debug */,
				6C5952CD233350C100515B62 /* Release */,
			);
			defaultConfigurationIsVisible = 0;
			defaultConfigurationName = Release;
		};
/* End XCConfigurationList section */
	};
	rootObject = 6C5952A3233350C000515B62 /* Project object */;
}
